# THIS IS AN AUTOGENERATED FILE. DO NOT EDIT THIS FILE DIRECTLY.
# yarn lockfile v1


accepts@^1.2.5, accepts@~1.3.3:
  version "1.3.5"
  resolved "https://registry.npmjs.org/accepts/-/accepts-1.3.5.tgz"
  integrity sha1-63d99gEXI6OxTopywIBcjoZ0a9I= sha512-pt4oTticGUEOZCvli0I7ekmpXopaX+Xvb/TQRaTKnvZNIH9Srs0VWi2NGBfsRscAgwtIEtxW5JOB9sI0oN3cjw==
  dependencies:
    mime-types "~2.1.18"
    negotiator "0.6.1"

agent-base@^4.3.0:
  version "4.3.0"
  resolved "https://registry.npmjs.org/agent-base/-/agent-base-4.3.0.tgz"
  integrity sha512-salcGninV0nPrwpGNn4VTXBb1SOuXQBiqbrNXoeizJsHrsL6ERFM2Ne3JUSBWRE6aeNJI2ROP/WEEIDUiDe3cg==
  dependencies:
    es6-promisify "^5.0.0"

ansi-escape-sequences@^4.0.0:
  version "4.0.0"
  resolved "https://registry.npmjs.org/ansi-escape-sequences/-/ansi-escape-sequences-4.0.0.tgz"
  integrity sha512-v+0wW9Wezwsyb0uF4aBVCjmSqit3Ru7PZFziGF0o2KwTvN2zWfTi3BRLq9EkJFdg3eBbyERXGTntVpBxH1J68Q==
  dependencies:
    array-back "^2.0.0"

ansi-escapes@^3.0.0:
  version "3.1.0"
  resolved "https://registry.npmjs.org/ansi-escapes/-/ansi-escapes-3.1.0.tgz"
  integrity sha512-UgAb8H9D41AQnu/PbWlCofQVcnV4Gs2bBJi9eZPxfU/hgglFh3SMDMENRIqdr7H6XFnXdoknctFByVsCOotTVw==

ansi-regex@^3.0.0:
  version "3.0.0"
  resolved "https://registry.npmjs.org/ansi-regex/-/ansi-regex-3.0.0.tgz"
  integrity sha512-wFUFA5bg5dviipbQQ32yOQhl6gcJaJXiHE7dvR8VYPG97+J/GNC5FKGepKdEDUFeXRzDxPF1X/Btc8L+v7oqIQ==

ansi-styles@^3.2.1:
  version "3.2.1"
  resolved "https://registry.npmjs.org/ansi-styles/-/ansi-styles-3.2.1.tgz"
  integrity sha512-VT0ZI6kZRdTh8YyJw3SMbYm/u+NqfsAxEpWO0Pf9sq8/e94WxxOpPKx9FR1FlyCtOVDNOQ+8ntlqFxiRc+r5qA==
  dependencies:
    color-convert "^1.9.0"

array-back@^1.0.3:
  version "1.0.4"
  resolved "https://registry.npmjs.org/array-back/-/array-back-1.0.4.tgz"
  integrity sha512-1WxbZvrmyhkNoeYcizokbmh5oiOCIfyvGtcqbK3Ls1v1fKcquzxnQSceOx6tzq7jmai2kFLWIpGND2cLhH6TPw==
  dependencies:
    typical "^2.6.0"

array-back@^1.0.4:
  version "1.0.4"
  resolved "https://registry.npmjs.org/array-back/-/array-back-1.0.4.tgz"
  integrity sha512-1WxbZvrmyhkNoeYcizokbmh5oiOCIfyvGtcqbK3Ls1v1fKcquzxnQSceOx6tzq7jmai2kFLWIpGND2cLhH6TPw==
  dependencies:
    typical "^2.6.0"

array-back@^2.0.0:
  version "2.0.0"
  resolved "https://registry.npmjs.org/array-back/-/array-back-2.0.0.tgz"
  integrity sha512-eJv4pLLufP3g5kcZry0j6WXpIbzYw9GUB4mVJZno9wfwiBxbizTnHCw3VJb07cBihbFX48Y7oSrW9y+gt4glyw==
  dependencies:
    typical "^2.6.1"

async-limiter@~1.0.0:
  version "1.0.1"
  resolved "https://registry.npmjs.org/async-limiter/-/async-limiter-1.0.1.tgz"
  integrity sha512-csOlWGAcRFJaI6m+F2WKdnMKr4HhdhFVBk0H/QbJFMCr+uO2kwohwXQPxw/9OCxp05r5ghVBFSyioixx3gfkNQ==

balanced-match@^1.0.0:
  version "1.0.0"
  resolved "https://registry.npmjs.org/balanced-match/-/balanced-match-1.0.0.tgz"
  integrity sha1-ibTRmasr7kneFk6gK4nORi1xt2c= sha512-9Y0g0Q8rmSt+H33DfKv7FOc3v+iRI+o1lbzt8jGcIosYW37IIW/2XVYq5NPdmaD5NQ59Nk26Kl/vZbwW9Fr8vg==

brace-expansion@^1.1.7:
  version "1.1.11"
  resolved "https://registry.npmjs.org/brace-expansion/-/brace-expansion-1.1.11.tgz"
  integrity sha512-iCuPHDFgrHX7H2vEI/5xpz07zSHB00TpugqhmYtVmMO6518mCuRMoOYFldEBl0g187ufozdaHgWKcYFb61qGiA==
  dependencies:
    balanced-match "^1.0.0"
    concat-map "0.0.1"

buffer-from@^1.0.0:
  version "1.1.1"
  resolved "https://registry.npmjs.org/buffer-from/-/buffer-from-1.1.1.tgz"
  integrity sha512-MQcXEUbCKtEo7bhqEs6560Hyd4XaovZlO/k9V3hjVUF/zwW7KBVdSK4gIt/bzwS9MbR5qob+F5jusZsb0YQK2A==

bytes@2.5.0:
  version "2.5.0"
  resolved "https://registry.npmjs.org/bytes/-/bytes-2.5.0.tgz"
  integrity sha1-TJQj6i0lLCcMQbK97+/5u2tiwGo= sha512-hkQtlCqf2f67v+GDlR9DImH1Bu/DxA/yNR7EmnbxCgxYgm4u7rLTJw8LYJdttHOl+H+++Fv0SQF7PgXAtqkfVg==

chalk@^2.1.0, chalk@^2.4.1:
  version "2.4.1"
  resolved "https://registry.npmjs.org/chalk/-/chalk-2.4.1.tgz"
  integrity sha512-ObN6h1v2fTJSmUXoS3nMQ92LbDK9be4TV+6G+omQlGJFdcUX5heKi1LZ1YnRMIgwTLEj3E24bT6tYni50rlCfQ==
  dependencies:
    ansi-styles "^3.2.1"
    escape-string-regexp "^1.0.5"
    supports-color "^5.3.0"

child-process-promise@^2.2.1:
  version "2.2.1"
  resolved "https://registry.npmjs.org/child-process-promise/-/child-process-promise-2.2.1.tgz"
  integrity sha512-Fi4aNdqBsr0mv+jgWxcZ/7rAIC2mgihrptyVI4foh/rrjY/3BNjfP9+oaiFx/fzim+1ZyCNBae0DlyfQhSugog==
  dependencies:
    cross-spawn "^4.0.2"
    node-version "^1.0.0"
    promise-polyfill "^6.0.1"

clear@^0.1.0:
  version "0.1.0"
  resolved "https://registry.npmjs.org/clear/-/clear-0.1.0.tgz"
  integrity sha512-qMjRnoL+JDPJHeLePZJuao6+8orzHMGP04A8CdwCNsKhRbOnKRjefxONR7bwILT3MHecxKBjHkKL/tkZ8r4Uzw==

cli-cursor@^2.0.0:
  version "2.1.0"
  resolved "https://registry.npmjs.org/cli-cursor/-/cli-cursor-2.1.0.tgz"
  integrity sha512-8lgKz8LmCRYZZQDpRyT2m5rKJ08TnU4tR9FFFW2rxpxR1FzWi4PQ/NfyODchAatHaUgnSPVcx/R5w6NuTBzFiw==
  dependencies:
    restore-cursor "^2.0.0"

cli-spinners@^1.1.0, cli-spinners@^1.3.1:
  version "1.3.1"
  resolved "https://registry.npmjs.org/cli-spinners/-/cli-spinners-1.3.1.tgz"
  integrity sha512-1QL4544moEsDVH9T/l6Cemov/37iv1RtoKf7NJ04A60+4MREXNfx/QvavbH6QoGdsD4N4Mwy49cmaINR/o2mdg==

color-convert@^1.9.0:
  version "1.9.0"
  resolved "https://registry.npmjs.org/color-convert/-/color-convert-1.9.0.tgz"
  integrity sha512-cBdgwBveAUUexnimWkdqoTDizLaNhyWPRTvsNQI7eg2k5Y8sqQzymwc2V0qGhX0QdsPS9pqR5nOxEiMAE7SmHQ==
  dependencies:
    color-name "^1.1.1"

color-name@^1.1.1:
  version "1.1.3"
  resolved "https://registry.npmjs.org/color-name/-/color-name-1.1.3.tgz"
  integrity sha512-72fSenhMw2HZMTVHeCA9KCmpEIbzWiQsjN+BHcBbS9vr1mtt+vJjPdksIBNUmKAW8TFUDPJK5SUU3QhE9NEXDw==

command-line-args@^4.0.7:
  version "4.0.7"
  resolved "https://registry.npmjs.org/command-line-args/-/command-line-args-4.0.7.tgz"
  integrity sha512-aUdPvQRAyBvQd2n7jXcsMDz68ckBJELXNzBybCHOibUWEg0mWTnaYCSRU8h9R+aNRSvDihJtssSRCiDRpLaezA==
  dependencies:
    array-back "^2.0.0"
    find-replace "^1.0.3"
    typical "^2.6.1"

command-line-usage@^4.0.1:
  version "4.0.1"
  resolved "https://registry.npmjs.org/command-line-usage/-/command-line-usage-4.0.1.tgz"
  integrity sha512-IqYzZuXizukrdhnbdUj2hh4iceycow+Jn10mER4lwU4IapYvl5ZzoRPsj5Yraew5oRk4yfFKMuULGvAfb5o29w==
  dependencies:
    ansi-escape-sequences "^4.0.0"
    array-back "^2.0.0"
    table-layout "^0.4.1"
    typical "^2.6.1"

compressible@~2.0.10:
  version "2.0.15"
  resolved "https://registry.npmjs.org/compressible/-/compressible-2.0.15.tgz"
  integrity sha512-4aE67DL33dSW9gw4CI2H/yTxqHLNcxp0yS6jB+4h+wr3e43+1z7vm0HU9qXOH8j+qjKuL8+UtkOxYQSMq60Ylw==
  dependencies:
    mime-db ">= 1.36.0 < 2"

compression@1.7.0:
  version "1.7.0"
  resolved "https://registry.npmjs.org/compression/-/compression-1.7.0.tgz"
  integrity sha1-AwyfGY8WQ6BX13anOOki2kNzAS0= sha512-EzpIPZX++rTQylMht3iaYigq2NNJbI/e9VaDzR8sLi8vgOCHpvLT93GuvsGYW2ANEd14Ax2nI1Ydi9L5ykGeig==
  dependencies:
    accepts "~1.3.3"
    bytes "2.5.0"
    compressible "~2.0.10"
    debug "2.6.8"
    on-headers "~1.0.1"
    safe-buffer "5.1.1"
    vary "~1.1.1"

concat-map@0.0.1:
  version "0.0.1"
  resolved "https://registry.npmjs.org/concat-map/-/concat-map-0.0.1.tgz"
  integrity sha1-2Klr13/Wjfd5OnMDajug1UBdR3s= sha512-/Srv4dswyQNBfohGpz9o6Yb3Gz3SrUDqBH5rTuhGR7ahtlbYKnVxw2bCFMRljaA7EXHaXZ8wsHdodFvbkhKmqg==

concat-stream@1.6.2:
  version "1.6.2"
  resolved "https://registry.npmjs.org/concat-stream/-/concat-stream-1.6.2.tgz"
  integrity sha512-27HBghJxjiZtIk3Ycvn/4kbJk/1uZuJFfuPEns6LaEvpvG1f0hTea8lilrouyo9mVc2GWdcEZ8OLoGmSADlrCw==
  dependencies:
    buffer-from "^1.0.0"
    inherits "^2.0.3"
    readable-stream "^2.2.2"
    typedarray "^0.0.6"

connect-static-file@1.2.0:
  version "1.2.0"
  resolved "https://registry.npmjs.org/connect-static-file/-/connect-static-file-1.2.0.tgz"
  integrity sha1-rXws5COs8ICLFaGK0yaANQmON0c= sha512-5susNQBFNy56UJsSTUNUUjZ7BoFcIXS+mZ0E2SvoH5DL/san6ze29lvK56RWZfsJp1TMm26IPIofa+kI80jdLw==
  dependencies:
    accepts "^1.2.5"
    mime "^1.3.4"
    send "^0.15.3"

connect@3.6.2:
  version "3.6.2"
  resolved "https://registry.npmjs.org/connect/-/connect-3.6.2.tgz"
  integrity sha1-aU6NIGgb/kkCgsiriGvpjwn0L+c= sha512-eulbSWLWluIreuasBmlh2hITGO+czaNKDdYEgosAJ12DcYi/tul1+lCV5YyiBRfj8RpUL0SJOdY9wlzxwHurPw==
  dependencies:
    debug "2.6.7"
    finalhandler "1.0.3"
    parseurl "~1.3.1"
    utils-merge "1.0.0"

core-util-is@~1.0.0:
  version "1.0.2"
  resolved "https://registry.npmjs.org/core-util-is/-/core-util-is-1.0.2.tgz"
  integrity sha512-3lqz5YjWTYnW6dlDa5TLaTCcShfar1e40rmcJVwCBJC6mWlFuj0eCHIElmG1g5kyuJ/GD+8Wn4FFCcz4gJPfaQ==

cross-spawn@^4.0.2:
  version "4.0.2"
  resolved "https://registry.npmjs.org/cross-spawn/-/cross-spawn-4.0.2.tgz"
  integrity sha512-yAXz/pA1tD8Gtg2S98Ekf/sewp3Lcp3YoFKJ4Hkp5h5yLWnKVTDU0kwjKJ8NDCYcfTLfyGkzTikst+jWypT1iA==
  dependencies:
    lru-cache "^4.0.1"
    which "^1.2.9"

debug@^3.1.0:
  version "3.2.6"
  resolved "https://registry.npmjs.org/debug/-/debug-3.2.6.tgz"
  integrity sha512-mel+jf7nrtEl5Pn1Qx46zARXKDpBbvzezse7p7LqINmdoIk8PYP5SySaxEmYv6TZ0JyEKA1hsCId6DIhgITtWQ==
  dependencies:
    ms "^2.1.1"

debug@^4.1.0:
  version "4.1.0"
  resolved "https://registry.npmjs.org/debug/-/debug-4.1.0.tgz"
  integrity sha512-heNPJUJIqC+xB6ayLAMHaIrmN9HKa7aQO8MGqKpvCA+uJYVcvR6l5kgdrhRuwPFHU7P5/A1w0BjByPHwpfTDKg==
  dependencies:
    ms "^2.1.1"

debug@2.6.7:
  version "2.6.7"
  resolved "https://registry.npmjs.org/debug/-/debug-2.6.7.tgz"
  integrity sha1-krrR9tBbu2u6Isyoi80OyJTChh4= sha512-7YoSmTDGnXYkFJOvaYXfxcvNE25Y11uZ0X8Mo+pSXjHz/9WUlbCS4O6q+wj7lhubdNQQXxxsSOnlqlDG8SenXQ==
  dependencies:
    ms "2.0.0"

debug@2.6.8:
  version "2.6.8"
  resolved "https://registry.npmjs.org/debug/-/debug-2.6.8.tgz"
  integrity sha1-5zFTHKLt4n0YgiJCfaF4IdaP9Pw= sha512-E22fsyWPt/lr4/UgQLt/pXqerGMDsanhbnmqIS3VAXuDi1v3IpiwXe2oncEIondHSBuPDWRoK/pMjlvi8FuOXQ==
  dependencies:
    ms "2.0.0"

debug@2.6.9:
  version "2.6.9"
  resolved "https://registry.npmjs.org/debug/-/debug-2.6.9.tgz"
  integrity sha512-bC7ElrdJaJnPbAP+1EotYvqZsb3ecl5wi6Bfi6BJTUcNowp6cvspg0jXznRTKDjm/E7AdgFBVeAPVMNcKGsHMA==
  dependencies:
    ms "2.0.0"

deep-extend@~0.5.0:
  version "0.5.0"
  resolved "https://registry.npmjs.org/deep-extend/-/deep-extend-0.5.0.tgz"
  integrity sha512-avbqfQK2M9h+GcX7OVmEvnhodw0rFdzXYRGD4b17BIRxyXVo9he2AIaE0ts1PrPA8sHgv0N6dHd99bL7Hky4Qg==

depd@~1.1.0, depd@~1.1.1, depd@~1.1.2:
  version "1.1.2"
  resolved "https://registry.npmjs.org/depd/-/depd-1.1.2.tgz"
  integrity sha1-m81S4UwJd2PnSbJ0xDRu0uVgtak= sha512-7emPTl6Dpo6JRXOXjLRxck+FlLRX5847cLKEn00PLAgc3g2hTZZgr+e4c2v6QpSmLeFP3n5yUo7ft6avBK/5jQ==

destroy@~1.0.4:
  version "1.0.4"
  resolved "https://registry.npmjs.org/destroy/-/destroy-1.0.4.tgz"
  integrity sha1-l4hXRCxEdJ5CBmE+N5RiBYJqvYA= sha512-3NdhDuEXnfun/z7x9GOElY49LoqVHoGScmOKwmxhsS8N5Y+Z8KyPPDnaSzqWgYt/ji4mqwfTS34Htrk0zPIXVg==

diff@^3.5.0:
  version "3.5.0"
  resolved "https://registry.npmjs.org/diff/-/diff-3.5.0.tgz"
  integrity sha512-A46qtFgd+g7pDZinpnwiRJtxbC1hpgf0uzP3iG89scHk0AUC7A1TGxf5OiiOUv/JMZR8GOt8hL900hV0bOy5xA==

ee-first@1.1.1:
  version "1.1.1"
  resolved "https://registry.npmjs.org/ee-first/-/ee-first-1.1.1.tgz"
  integrity sha1-WQxhFWsK4vTwJVcyoViyZrxWsh0= sha512-WMwm9LhRUo+WUaRN+vRuETqG89IgZphVSNkdFgeb6sS/E4OrDIN7t48CAewSHXc6C8lefD8KKfr5vY61brQlow==

encodeurl@~1.0.1:
  version "1.0.2"
  resolved "https://registry.npmjs.org/encodeurl/-/encodeurl-1.0.2.tgz"
  integrity sha1-rT/0yG7C0CkyL1oCw6mmBslbP1k= sha512-TPJXq8JqFaVYm2CWmPvnP2Iyo4ZSM7/QKcSmuMLDObfpH5fi7RUGmd/rTDf+rut/saiDiQEeVTNgAmJEdAOx0w==

es6-promise@^4.0.3:
  version "4.2.8"
  resolved "https://registry.npmjs.org/es6-promise/-/es6-promise-4.2.8.tgz"
  integrity sha512-HJDGx5daxeIvxdBxvG2cb9g4tEvwIk3i8+nhX0yGrYmZUzbkdg8QbDevheDB8gd0//uPj4c1EQua8Q+MViT0/w==

es6-promisify@^5.0.0:
  version "5.0.0"
  resolved "https://registry.npmjs.org/es6-promisify/-/es6-promisify-5.0.0.tgz"
  integrity sha1-UQnWLz5W6pZ8S2NQWu8IKRyKUgM= sha512-C+d6UdsYDk0lMebHNR4S2NybQMMngAOnOwYBQjTOiv0MkoJMP0Myw2mgpDLBcpfCmRLxyFqYhS/CfOENq4SJhQ==
  dependencies:
    es6-promise "^4.0.3"

escape-html@~1.0.3:
  version "1.0.3"
  resolved "https://registry.npmjs.org/escape-html/-/escape-html-1.0.3.tgz"
  integrity sha1-Aljq5NPQwJdN4cFpGI7wBR0dGYg= sha512-NiSupZ4OeuGwr68lGIeym/ksIZMJodUGOSCZ/FSnTxcrekbvqrgdUxlJOMpijaKZVjAJrWrGs/6Jy8OMuyj9ow==

escape-string-regexp@^1.0.5:
  version "1.0.5"
  resolved "https://registry.npmjs.org/escape-string-regexp/-/escape-string-regexp-1.0.5.tgz"
  integrity sha512-vbRorB5FUQWvla16U8R/qgaFIya2qGzwDrNmCZuYKrbdSUMG6I1ZCGQRefkRVhuOkIGVne7BQ35DSfo1qvJqFg==

etag@~1.8.0, etag@~1.8.1:
  version "1.8.1"
  resolved "https://registry.npmjs.org/etag/-/etag-1.8.1.tgz"
  integrity sha1-Qa4u62XvpiJorr/qg6x9eSmbCIc= sha512-aIL5Fx7mawVa300al2BnEE4iNvo1qETxLrPI/o05L7z6go7fCw1J6EQmbK4FmJ2AS7kgVF/KEZWufBfdClMcPg==

extract-zip@^1.6.6:
  version "1.6.7"
  resolved "https://registry.npmjs.org/extract-zip/-/extract-zip-1.6.7.tgz"
  integrity sha1-qEC0uK9kAyZMjbV/Txp0Mz74H+k= sha512-NWFb/0zxv3qh7f6hEy+F+Y+jPAqt1bfT52GR8Vi7sEFg2fBZlG/aM6ZrSGPUscP0I4JRhtgVG6I17HOuD7GESw==
  dependencies:
    concat-stream "1.6.2"
    debug "2.6.9"
    mkdirp "0.5.1"
    yauzl "2.4.1"

fd-slicer@~1.0.1:
  version "1.0.1"
  resolved "https://registry.npmjs.org/fd-slicer/-/fd-slicer-1.0.1.tgz"
  integrity sha1-i1vL2ewyfFBBv5qwI/1nUPEXfmU= sha512-MX1ZLPIuKED51hrI4++K+1B0VX87Cs4EkybD2q12Ysuf5p4vkmHqMvQJRlDwROqFr4D2Pzyit5wGQxf30grIcw==
  dependencies:
    pend "~1.2.0"

finalhandler@1.0.3:
  version "1.0.3"
  resolved "https://registry.npmjs.org/finalhandler/-/finalhandler-1.0.3.tgz"
  integrity sha1-70fneVDpmXgOhgIqVg4yF+DQzIk= sha512-Crb5GWw1cfFnZlZ3LJYAQCMbrfsKoV7+DNSvCQpwbybd+8tkrjHad5JuCJhunq8gJ80AqqsvbWxQSDBYxkr5tw==
  dependencies:
    debug "2.6.7"
    encodeurl "~1.0.1"
    escape-html "~1.0.3"
    on-finished "~2.3.0"
    parseurl "~1.3.1"
    statuses "~1.3.1"
    unpipe "~1.0.0"

find-replace@^1.0.3:
  version "1.0.3"
  resolved "https://registry.npmjs.org/find-replace/-/find-replace-1.0.3.tgz"
  integrity sha512-KrUnjzDCD9426YnCP56zGYy/eieTnhtK6Vn++j+JJzmlsWWwEkDnsyVF575spT6HJ6Ow9tlbT3TQTDsa+O4UWA==
  dependencies:
    array-back "^1.0.4"
    test-value "^2.1.0"

folder-hash@^2.1.2:
  version "2.1.2"
  resolved "https://registry.npmjs.org/folder-hash/-/folder-hash-2.1.2.tgz"
  integrity sha512-PmMwEZyNN96EMshf7sek4OIB7ADNsHOJ7VIw7pO0PBI0BNfEsi7U8U56TBjjqqwQ0WuBv8se0HEfmbw5b/Rk+w==
  dependencies:
    debug "^3.1.0"
    graceful-fs "~4.1.11"
    minimatch "~3.0.4"

fresh@0.5.0:
  version "0.5.0"
  resolved "https://registry.npmjs.org/fresh/-/fresh-0.5.0.tgz"
  integrity sha1-9HTKXmqSRtb9jglTz6m5yAWvp44= sha512-FveevZlqNSIBombLEB9L3WyWg74r6d0sk+unzqKmt33b5egY0YXDFWIQ/t2Fzr9mgBLL0BlL0/rdg8Oq1C0SVw==

fresh@0.5.2:
  version "0.5.2"
  resolved "https://registry.npmjs.org/fresh/-/fresh-0.5.2.tgz"
  integrity sha1-PYyt2Q2XZWn6g1qx+OSyOhBWBac= sha512-zJ2mQYM18rEFOudeV4GShTGIQ7RbzA7ozbU9I/XBpm7kqgMywgmylMwXHxZJmkVoYkna9d2pVXVXPdYTP9ej8Q==

fs-extra@^4.0.2:
  version "4.0.2"
  resolved "https://registry.npmjs.org/fs-extra/-/fs-extra-4.0.2.tgz"
  integrity sha512-wYid1zXctNLgas1pZ8q8ChdsnGg4DHZVqMzJ7pOE85q5BppAEXgQGSoOjVgrcw5yI7pzz49p9AfMhM7z5PRuaw==
  dependencies:
    graceful-fs "^4.1.2"
    jsonfile "^4.0.0"
    universalify "^0.1.0"

fs.realpath@^1.0.0:
  version "1.0.0"
  resolved "https://registry.npmjs.org/fs.realpath/-/fs.realpath-1.0.0.tgz"
  integrity sha1-FQStJSMVjKpA20onh8sBQRmU6k8= sha512-OO0pH2lK6a0hZnAdau5ItzHPI6pUlvI7jMVnxUQRtw4owF2wk8lOSabtGDCTP4Ggrg2MbGnWO9X8K1t4+fGMDw==

glob@^7.0.5:
  version "7.1.3"
  resolved "https://registry.npmjs.org/glob/-/glob-7.1.3.tgz"
  integrity sha512-vcfuiIxogLV4DlGBHIUOwI0IbrJ8HWPc4MU7HzviGeNho/UJDfi6B5p3sHeWIQ0KGIU0Jpxi5ZHxemQfLkkAwQ==
  dependencies:
    fs.realpath "^1.0.0"
    inflight "^1.0.4"
    inherits "2"
    minimatch "^3.0.4"
    once "^1.3.0"
    path-is-absolute "^1.0.0"

graceful-fs@^4.1.2, graceful-fs@^4.1.6, graceful-fs@~4.1.11:
  version "4.1.15"
  resolved "https://registry.npmjs.org/graceful-fs/-/graceful-fs-4.1.15.tgz"
  integrity sha512-6uHUhOPEBgQ24HM+r6b/QwWfZq+yiFcipKFrOFiBEnWdy5sdzYoi+pJeQaPI5qOLRFqWmAXUPQNsielzdLoecA==

has-flag@^3.0.0:
  version "3.0.0"
  resolved "https://registry.npmjs.org/has-flag/-/has-flag-3.0.0.tgz"
  integrity sha1-tdRU3CGZriJWmfNGfloH87lVuv0= sha512-sKJf1+ceQBr4SMkvQnBDNDtf4TXpVhVGateu0t918bl30FnbE2m4vNLX+VWe/dpjlb+HugGYzW7uQXH98HPEYw==

http-errors@~1.6.1, http-errors@~1.6.2:
  version "1.6.3"
  resolved "https://registry.npmjs.org/http-errors/-/http-errors-1.6.3.tgz"
  integrity sha1-i1VoC7S+KDoLW/TqLjhYC+HZMg0= sha512-lks+lVC8dgGyh97jxvxeYTWQFvh4uw4yC12gVl63Cg30sjPX4wuGcdkICVXDAESr6OJGjqGA8Iz5mkeN6zlD7A==
  dependencies:
    depd "~1.1.2"
    inherits "2.0.3"
    setprototypeof "1.1.0"
    statuses ">= 1.4.0 < 2"

https-proxy-agent@^2.2.1:
  version "2.2.4"
  resolved "https://registry.npmjs.org/https-proxy-agent/-/https-proxy-agent-2.2.4.tgz"
  integrity sha512-OmvfoQ53WLjtA9HeYP9RNrWMJzzAz1JGaSFr1nijg0PVR1JaD/xbJq1mdEIIlxGpXp9eSe/O2LgU9DJmTPd0Eg==
  dependencies:
    agent-base "^4.3.0"
    debug "^3.1.0"

humanize-duration@^3.15.3:
  version "3.15.3"
  resolved "https://registry.npmjs.org/humanize-duration/-/humanize-duration-3.15.3.tgz"
  integrity sha512-BMz6w8p3NVa6QP9wDtqUkXfwgBqDaZ5z/np0EYdoWrLqL849Onp6JWMXMhbHtuvO9jUThLN5H1ThRQ8dUWnYkA==

inflight@^1.0.4:
  version "1.0.6"
  resolved "https://registry.npmjs.org/inflight/-/inflight-1.0.6.tgz"
  integrity sha1-Sb1jMdfQLQwJvJEKEHW6gWW1bfk= sha512-k92I/b08q4wvFscXCLvqfsHCrjrF7yiXsQuIVvVE7N82W3+aqpzuUdBbfhWcy/FZR3/4IgflMgKLOsvPDrGCJA==
  dependencies:
    once "^1.3.0"
    wrappy "1"

inherits@^2.0.3, inherits@~2.0.3, inherits@2, inherits@2.0.3:
  version "2.0.3"
  resolved "https://registry.npmjs.org/inherits/-/inherits-2.0.3.tgz"
  integrity sha1-Yzwsg+PaQqUC9SRmAiSA9CCCYd4= sha512-x00IRNXNy63jwGkJmzPigoySHbaqpNuzKbBOmzK+g2OdZpQ9w+sxCN+VSB3ja7IAge2OP2qpfxTjeNcyjmW1uw==

is-fullwidth-code-point@^2.0.0:
  version "2.0.0"
  resolved "https://registry.npmjs.org/is-fullwidth-code-point/-/is-fullwidth-code-point-2.0.0.tgz"
  integrity sha512-VHskAKYM8RfSFXwee5t5cbN5PZeq1Wrh6qd5bkyiXIf6UQcN6w/A0eXM9r6t8d+GYOh+o6ZhiEnb88LN/Y8m2w==

isarray@~1.0.0:
  version "1.0.0"
  resolved "https://registry.npmjs.org/isarray/-/isarray-1.0.0.tgz"
  integrity sha1-u5NdSFgsuhaMBoNJV6VKPgcSTxE= sha512-VLghIWNM6ELQzo7zwmcg0NmTVyWKYjvIeM83yjp0wRDTmUnrM678fQbcKBo6n2CJEF0szoG//ytg+TKla89ALQ==

isexe@^2.0.0:
  version "2.0.0"
  resolved "https://registry.npmjs.org/isexe/-/isexe-2.0.0.tgz"
  integrity sha512-RHxMLp9lnKHGHRng9QFhRCMbYAcVpn69smSGcq3f36xjgVVWThj4qqLbTLlq7Ssj8B+fIQ1EuCEGI2lKsyQeIw==

jsonfile@^4.0.0:
  version "4.0.0"
  resolved "https://registry.npmjs.org/jsonfile/-/jsonfile-4.0.0.tgz"
  integrity sha512-m6F1R3z8jjlf2imQHS2Qez5sjKWQzbuuhuJ/FKYFRZvPE3PuHcSMVZzfsLhGVOkfd20obL5SWEBew5ShlquNxg==
  optionalDependencies:
    graceful-fs "^4.1.6"

keypress@~0.2.1:
  version "0.2.1"
  resolved "https://registry.npmjs.org/keypress/-/keypress-0.2.1.tgz"
  integrity sha512-HjorDJFNhnM4SicvaUXac0X77NiskggxJdesG72+O5zBKpSqKFCrqmndKVqpu3pFqkla0St6uGk8Ju0sCurrmg==

lodash.padend@^4.6.1:
  version "4.6.1"
  resolved "https://registry.npmjs.org/lodash.padend/-/lodash.padend-4.6.1.tgz"
  integrity sha512-sOQs2aqGpbl27tmCS1QNZA09Uqp01ZzWfDUoD+xzTii0E7dSQfRKcRetFwa+uXaxaqL+TKm7CgD2JdKP7aZBSw==

log-update@^2.1.0, log-update@^2.3.0:
  version "2.3.0"
  resolved "https://registry.npmjs.org/log-update/-/log-update-2.3.0.tgz"
  integrity sha1-iDKP19HOeTiykoN0bwsbwSayRwg= sha512-vlP11XfFGyeNQlmEn9tJ66rEW1coA/79m5z6BCkudjbAGE83uhAcGYrBFwfs3AdLiLzGRusRPAbSPK9xZteCmg==
  dependencies:
    ansi-escapes "^3.0.0"
    cli-cursor "^2.0.0"
    wrap-ansi "^3.0.1"

lru-cache@^4.0.1:
  version "4.1.1"
  resolved "https://registry.npmjs.org/lru-cache/-/lru-cache-4.1.1.tgz"
  integrity sha512-q4spe4KTfsAS1SUHLO0wz8Qiyf1+vMIAgpRYioFYDMNqKfHQbg+AVDH3i4fvpl71/P1L0dBl+fQi+P37UYf0ew==
  dependencies:
    pseudomap "^1.0.2"
    yallist "^2.1.2"

"mime-db@>= 1.36.0 < 2", mime-db@~1.37.0:
  version "1.37.0"
  resolved "https://registry.npmjs.org/mime-db/-/mime-db-1.37.0.tgz"
  integrity sha512-R3C4db6bgQhlIhPU48fUtdVmKnflq+hRdad7IyKhtFj06VPNVdk2RhiYL3UjQIlso8L+YxAtFkobT0VK+S/ybg==

mime-types@~2.1.18:
  version "2.1.21"
  resolved "https://registry.npmjs.org/mime-types/-/mime-types-2.1.21.tgz"
  integrity sha512-3iL6DbwpyLzjR3xHSFNFeb9Nz/M8WDkX33t1GFQnFOllWk8pOrh/LSrB5OXlnlW5P9LH73X6loW/eogc+F5lJg==
  dependencies:
    mime-db "~1.37.0"

mime@^1.3.4:
  version "1.6.0"
  resolved "https://registry.npmjs.org/mime/-/mime-1.6.0.tgz"
  integrity sha512-x0Vn8spI+wuJ1O6S7gnbaQg8Pxh4NNHb7KSINmEWKiPE4RKOplvijn+NkmYmmRgP68mc70j2EbeTFRsrswaQeg==

mime@^2.0.3:
  version "2.4.0"
  resolved "https://registry.npmjs.org/mime/-/mime-2.4.0.tgz"
  integrity sha512-ikBcWwyqXQSHKtciCcctu9YfPbFYZ4+gbHEmE0Q8jzcTYQg5dHCr3g2wwAZjPoJfQVXZq6KXAjpXOTf5/cjT7w==

mime@1.3.4:
  version "1.3.4"
  resolved "https://registry.npmjs.org/mime/-/mime-1.3.4.tgz"
  integrity sha1-EV+eO2s9rylZmDyzjxSaLUDrXVM= sha512-sAaYXszED5ALBt665F0wMQCUXpGuZsGdopoqcHPdL39ZYdi7uHoZlhrfZfhv8WzivhBzr/oXwaj+yiK5wY8MXQ==

mimic-fn@^1.0.0:
  version "1.1.0"
  resolved "https://registry.npmjs.org/mimic-fn/-/mimic-fn-1.1.0.tgz"
  integrity sha512-h1HSEmsL/ggPjnixiDrEdt2YmXDpeSQlT26BMutTYBxJ46L3nOybRl/aNh/i623y6suDlbgF+m1dqX5V1eCBBQ==

minimatch@^3.0.4, minimatch@~3.0.4:
  version "3.0.4"
  resolved "https://registry.npmjs.org/minimatch/-/minimatch-3.0.4.tgz"
  integrity sha512-yJHVQEhyqPLUTgt9B83PXu6W3rx4MvvHvSUvToogpwoGDOUQ+yDrR0HRot+yOCdCO7u4hX3pWft6kWBBcqh0UA==
  dependencies:
    brace-expansion "^1.1.7"

minimist@0.0.8:
  version "0.0.8"
  resolved "https://registry.npmjs.org/minimist/-/minimist-0.0.8.tgz"
  integrity sha1-hX/Kv8M5fSYluCKCYuhqp6ARsF0= sha512-miQKw5Hv4NS1Psg2517mV4e4dYNaO3++hjAvLOAzKqZ61rH8NS1SK+vbfBWZ5PY/Me/bEWhUwqMghEW5Fb9T7Q==

mkdirp@0.5.1:
  version "0.5.1"
  resolved "https://registry.npmjs.org/mkdirp/-/mkdirp-0.5.1.tgz"
  integrity sha1-MAV0OOrGz3+MR2fzhkjWaX11yQM= sha512-SknJC52obPfGQPnjIkXbmA6+5H15E+fR+E4iR2oQ3zzCLbd7/ONua69R/Gw7AgkTLsRG+r5fzksYwWe1AgTyWA==
  dependencies:
    minimist "0.0.8"

ms@^2.1.1:
  version "2.1.2"
  resolved "https://registry.npmjs.org/ms/-/ms-2.1.2.tgz"
  integrity sha512-sGkPx+VjMtmA6MX27oA4FBFELFCZZ4S4XqeGOXCv68tT+jb3vk/RyaKWP0PTKyWtmLSM0b+adUTEvbs1PEaH2w==

ms@2.0.0:
  version "2.0.0"
  resolved "https://registry.npmjs.org/ms/-/ms-2.0.0.tgz"
  integrity sha1-VgiurfwAvmwpAd9fmGF4jeDVl8g= sha512-Tpp60P6IUJDTuOq/5Z8cdskzJujfwqfOTkrwIwj7IRISpnkJnT6SyJ4PCPnGMoFjC9ddhal5KVIYtAt97ix05A==

native-or-another@~2.0.0:
  version "2.0.0"
  resolved "https://registry.npmjs.org/native-or-another/-/native-or-another-2.0.0.tgz"
  integrity sha512-rDE50rrX/PSk2StV5EnwpRk35TENl4I4ZsSGZsMJufLdAJ1P4YzNwVf5UOhjQodwz+RdTP9eZSG7FiqnoY25nA==
  dependencies:
    native-or-bluebird "^1.1.2"

native-or-bluebird@^1.1.2:
  version "1.2.0"
  resolved "https://registry.npmjs.org/native-or-bluebird/-/native-or-bluebird-1.2.0.tgz"
  integrity sha512-0SH8UubxDfe382eYiwmd12qxAbiWGzlGZv6CkMA+DPojWa/Y0oH4hE0lRtFfFgJmPQFyKXeB8XxPbZz6TvvKaQ==

negotiator@0.6.1:
  version "0.6.1"
  resolved "https://registry.npmjs.org/negotiator/-/negotiator-0.6.1.tgz"
  integrity sha1-KzJxhOiZIQEXeyhWP7XnECrNDKk= sha512-qTxkr1RoLw5Pz+1+PTJ/66hWuyi2LEOeOuIDJDlx6JF8x75bmD5C7qXTg2UlX5W9rLfkqKP+r8q6Vy6NWdWrbw==

node-version@^1.0.0:
  version "1.1.0"
  resolved "https://registry.npmjs.org/node-version/-/node-version-1.1.0.tgz"
  integrity sha512-t1V2RFiaTavaW3jtQO0A2nok6k7/Gghuvx2rjvICuT0B0dYaObBQ4U0xHL+ZTPFZodt1LMYG2Vi2nypfz4/AJg==

on-finished@~2.3.0:
  version "2.3.0"
  resolved "https://registry.npmjs.org/on-finished/-/on-finished-2.3.0.tgz"
  integrity sha1-IPEzZIGwg811M3mSoWlxqi2QaUc= sha512-ikqdkGAAyf/X/gPhXGvfgAytDZtDbr+bkNUJ0N9h5MI/dmdgCs3l6hoHrcUv41sRKew3jIwrp4qQDXiK99Utww==
  dependencies:
    ee-first "1.1.1"

on-headers@~1.0.1:
  version "1.0.1"
  resolved "https://registry.npmjs.org/on-headers/-/on-headers-1.0.1.tgz"
  integrity sha1-ko9dD0cNSTQmUepnlLCFfBAGk/c= sha512-Hmfug855QMIrXA8SCoblfPRTzkGwAOMaSygo5hN2fC5Se2YJLJGPaC0wytTWMAplYipqVY9FZQLKGQjwqoYyqA==

once@^1.3.0:
  version "1.4.0"
  resolved "https://registry.npmjs.org/once/-/once-1.4.0.tgz"
  integrity sha1-WDsap3WWHUsROsF9nFC6753Xa9E= sha512-lNaJgI+2Q5URQBkccEKHTQOPaXdUxnZZElQTZY0MFUAuaEqe1E+Nyvgdz/aIyNi6Z9MzO5dv1H8n58/GELp3+w==
  dependencies:
    wrappy "1"

onetime@^2.0.0:
  version "2.0.1"
  resolved "https://registry.npmjs.org/onetime/-/onetime-2.0.1.tgz"
  integrity sha512-oyyPpiMaKARvvcgip+JV+7zci5L8D1W9RZIz2l1o08AM3pfspitVWnPt3mzHcBPp12oYMTy0pqrFs/C+m3EwsQ==
  dependencies:
    mimic-fn "^1.0.0"

parseurl@~1.3.1:
  version "1.3.2"
  resolved "https://registry.npmjs.org/parseurl/-/parseurl-1.3.2.tgz"
  integrity sha1-/CidTtiZMRlGDBViUyYs3I3mW/M= sha512-DjIMrEiCuzD/Xsr69WhcPCTeb6iZP5JgL/DZ3cYz0zMnyiXiscoqC6LLV2dYwQHfy9O+twCDVVPiFWb7xZhaOw==

path-is-absolute@^1.0.0:
  version "1.0.1"
  resolved "https://registry.npmjs.org/path-is-absolute/-/path-is-absolute-1.0.1.tgz"
  integrity sha1-F0uSaHNVNP+8es5r9TpanhtcX18= sha512-AVbw3UJ2e9bq64vSaS9Am0fje1Pa8pbGqTTsmXfaIiMpnr5DlDhfJOuLj9Sf95ZPVDAUerDfEk88MPmPe7UCQg==

pend@~1.2.0:
  version "1.2.0"
  resolved "https://registry.npmjs.org/pend/-/pend-1.2.0.tgz"
  integrity sha1-elfrVQpng/kRUzH89GY9XI4AelA= sha512-F3asv42UuXchdzt+xXqfW1OGlVBe+mxa2mqI0pg5yAHZPvFmY3Y6drSf/GQ1A86WgWEN9Kzh/WrgKa6iGcHXLg==

process-nextick-args@~2.0.0:
  version "2.0.0"
  resolved "https://registry.npmjs.org/process-nextick-args/-/process-nextick-args-2.0.0.tgz"
  integrity sha512-MtEC1TqN0EU5nephaJ4rAtThHtC86dNN9qCuEhtshvpVBkAW5ZO7BASN9REnF9eoXGcRub+pFuKEpOHE+HbEMw==

progress-estimator@^0.2.1:
  version "0.2.1"
  resolved "https://registry.npmjs.org/progress-estimator/-/progress-estimator-0.2.1.tgz"
  integrity sha512-KTwtucRIgJufTIf+eXjJzP8aLKs1PxuLtz/4SsGzTtvTA19+eG9uTG5XrpjK2o2mC9H63HLKg/TQsvdCN5JbEQ==
  dependencies:
    chalk "^2.4.1"
    cli-spinners "^1.3.1"
    humanize-duration "^3.15.3"
    log-update "^2.3.0"

progress@^2.0.1:
  version "2.0.1"
  resolved "https://registry.npmjs.org/progress/-/progress-2.0.1.tgz"
  integrity sha512-OE+a6vzqazc+K6LxJrX5UPyKFvGnL5CYmq2jFGNIBWHpc4QyE49/YOumcrpQFJpfejmvRtbJzgO1zPmMCqlbBg==

promise-polyfill@^6.0.1:
  version "6.0.2"
  resolved "https://registry.npmjs.org/promise-polyfill/-/promise-polyfill-6.0.2.tgz"
  integrity sha512-K5xBeAk5TElKx3CI3G6LFeVk9Xe6EiunTzaHHkYs6OGugQhSLi5TH00RBvPgqJlD46juH/n2T+/88ZYtLjZAmA==

prompt-promise@^1.0.3:
  version "1.0.3"
  resolved "https://registry.npmjs.org/prompt-promise/-/prompt-promise-1.0.3.tgz"
  integrity sha512-xIbGSzK59hFiwn9kmD0Cki4igpUqTVx7c6D8lqZoENAZyTwxhMhh/QleHWoRFVVusi7CTj/ByHP3N+2EmkhKIA==
  dependencies:
    keypress "~0.2.1"
    native-or-another "~2.0.0"

proxy-from-env@^1.0.0:
  version "1.0.0"
  resolved "https://registry.npmjs.org/proxy-from-env/-/proxy-from-env-1.0.0.tgz"
  integrity sha1-M8UDmPcOp+uW0h97gXYwpVeRx+4= sha512-F2JHgJQ1iqwnHDcQjVBsq3n/uoaFL+iPW/eAeL7kVxy/2RrWaN4WroKjjvbsoRtv0ftelNyC01bjRhn/bhcf4A==

pseudomap@^1.0.2:
  version "1.0.2"
  resolved "https://registry.npmjs.org/pseudomap/-/pseudomap-1.0.2.tgz"
  integrity sha512-b/YwNhb8lk1Zz2+bXXpS/LK9OisiZZ1SNsSLxN1x2OXVEhW2Ckr/7mWE5vrC1ZTiJlD9g19jWszTmJsB+oEpFQ==

puppeteer@^1.11.0:
  version "1.11.0"
  resolved "https://registry.npmjs.org/puppeteer/-/puppeteer-1.11.0.tgz"
  integrity sha512-iG4iMOHixc2EpzqRV+pv7o3GgmU2dNYEMkvKwSaQO/vMZURakwSOn/EYJ6OIRFYOque1qorzIBvrytPIQB3YzQ==
  dependencies:
    debug "^4.1.0"
    extract-zip "^1.6.6"
    https-proxy-agent "^2.2.1"
    mime "^2.0.3"
    progress "^2.0.1"
    proxy-from-env "^1.0.0"
    rimraf "^2.6.1"
    ws "^6.1.0"

pushstate-server@^3.0.1:
  version "3.0.1"
  resolved "https://registry.npmjs.org/pushstate-server/-/pushstate-server-3.0.1.tgz"
  integrity sha1-sQi4Z8nAaRkuL+W0fv32x23n1q0= sha512-rjyR4rXEfT6AfxnNKYpVkPsEYkWhnKW+pGPThnWUZ/BPzfJIEgNUq0ERk7VKQVGfAHrM56vflaJRf+RhEsnl6w==
  dependencies:
    compression "1.7.0"
    connect "3.6.2"
    connect-static-file "1.2.0"
    serve-static "1.12.3"

range-parser@~1.2.0:
  version "1.2.0"
  resolved "https://registry.npmjs.org/range-parser/-/range-parser-1.2.0.tgz"
  integrity sha1-9JvmtIeJTdxA3MlKMi9hEJLgDV4= sha512-kA5WQoNVo4t9lNx2kQNFCxKeBl5IbbSNBl1M/tLkw9WCn+hxNBAW5Qh8gdhs63CJnhjJ2zQWFoqPJP2sK1AV5A==

"react-release-script@file:":
  version "0.0.0"
  resolved "file:"
  dependencies:
    chalk "^2.1.0"
    child-process-promise "^2.2.1"
    clear "^0.1.0"
    cli-spinners "^1.1.0"
    command-line-args "^4.0.7"
    command-line-usage "^4.0.1"
    diff "^3.5.0"
    folder-hash "^2.1.2"
    fs-extra "^4.0.2"
    log-update "^2.1.0"
    progress-estimator "^0.2.1"
    prompt-promise "^1.0.3"
    puppeteer "^1.11.0"
    pushstate-server "^3.0.1"
    react-release-script "file:"
    semver "^5.4.1"

readable-stream@^2.2.2:
  version "2.3.6"
  resolved "https://registry.npmjs.org/readable-stream/-/readable-stream-2.3.6.tgz"
  integrity sha512-tQtKA9WIAhBF3+VLAseyMqZeBjW0AHJoxOtYqSUZNJxauErmLbVm2FW1y+J/YA9dUrAC39ITejlZWhVIwawkKw==
  dependencies:
    core-util-is "~1.0.0"
    inherits "~2.0.3"
    isarray "~1.0.0"
    process-nextick-args "~2.0.0"
    safe-buffer "~5.1.1"
    string_decoder "~1.1.1"
    util-deprecate "~1.0.1"

reduce-flatten@^1.0.1:
  version "1.0.1"
  resolved "https://registry.npmjs.org/reduce-flatten/-/reduce-flatten-1.0.1.tgz"
  integrity sha512-j5WfFJfc9CoXv/WbwVLHq74i/hdTUpy+iNC534LxczMRP67vJeK3V9JOdnL0N1cIRbn9mYhE2yVjvvKXDxvNXQ==

restore-cursor@^2.0.0:
  version "2.0.0"
  resolved "https://registry.npmjs.org/restore-cursor/-/restore-cursor-2.0.0.tgz"
  integrity sha512-6IzJLuGi4+R14vwagDHX+JrXmPVtPpn4mffDJ1UdR7/Edm87fl6yi8mMBIVvFtJaNTUvjughmW4hwLhRG7gC1Q==
  dependencies:
    onetime "^2.0.0"
    signal-exit "^3.0.2"

rimraf@^2.6.1:
  version "2.6.2"
  resolved "https://registry.npmjs.org/rimraf/-/rimraf-2.6.2.tgz"
  integrity sha512-lreewLK/BlghmxtfH36YYVg1i8IAce4TI7oao75I1g245+6BctqTVQiBP3YUJ9C6DQOXJmkYR9X9fCLtCOJc5w==
  dependencies:
    glob "^7.0.5"

safe-buffer@~5.1.0, safe-buffer@~5.1.1, safe-buffer@5.1.1:
  version "5.1.1"
  resolved "https://registry.npmjs.org/safe-buffer/-/safe-buffer-5.1.1.tgz"
  integrity sha512-kKvNJn6Mm93gAczWVJg7wH+wGYWNrDHdWvpUmHyEsgCtIwwo3bqPtV4tR5tuPaUhTOo/kvhVwd8XwwOllGYkbg==

semver@^5.4.1:
  version "5.4.1"
  resolved "https://registry.npmjs.org/semver/-/semver-5.4.1.tgz"
  integrity sha512-WfG/X9+oATh81XtllIo/I8gOiY9EXRdv1cQdyykeXK17YcUW3EXUAi2To4pcH6nZtJPr7ZOpM5OMyWJZm+8Rsg==

send@^0.15.3:
  version "0.15.6"
  resolved "https://registry.npmjs.org/send/-/send-0.15.6.tgz"
  integrity sha1-IPI6nJJbdiq4JwX+L52yUqzkfjQ= sha512-e1/758VJ+GsPg8vE+Z/xE7R36IWogUl8rrrs53CsfHrT2IyZyPggfvbHT8HTV3yBNKrUHYUTsBQ9pXQYkcB4YQ==
  dependencies:
    debug "2.6.9"
    depd "~1.1.1"
    destroy "~1.0.4"
    encodeurl "~1.0.1"
    escape-html "~1.0.3"
    etag "~1.8.1"
    fresh "0.5.2"
    http-errors "~1.6.2"
    mime "1.3.4"
    ms "2.0.0"
    on-finished "~2.3.0"
    range-parser "~1.2.0"
    statuses "~1.3.1"

send@0.15.3:
  version "0.15.3"
  resolved "https://registry.npmjs.org/send/-/send-0.15.3.tgz"
  integrity sha1-UBP5+ZAj31DRvZiSwZ4979HVMwk= sha512-w21BXI1HgOfW8PQmKAU7yQJJmTPaXN3zwsAnRXkawmSC+W+pUeAE0rgt3dO5bM+ia3Gy8CDekD1FE/ZZMtlewQ==
  dependencies:
    debug "2.6.7"
    depd "~1.1.0"
    destroy "~1.0.4"
    encodeurl "~1.0.1"
    escape-html "~1.0.3"
    etag "~1.8.0"
    fresh "0.5.0"
    http-errors "~1.6.1"
    mime "1.3.4"
    ms "2.0.0"
    on-finished "~2.3.0"
    range-parser "~1.2.0"
    statuses "~1.3.1"

serve-static@1.12.3:
  version "1.12.3"
  resolved "https://registry.npmjs.org/serve-static/-/serve-static-1.12.3.tgz"
  integrity sha1-n0uhni8wMMVH+K+ZEHg47DjVseI= sha512-M83Sy74z4RJdcXeZUvNjuv/AtjE/38BNYR8h8mgCC8w32QA6hcQx9Efr/YIlmqIDnxNkS1/fcxNJJtK+g9O+QQ==
  dependencies:
    encodeurl "~1.0.1"
    escape-html "~1.0.3"
    parseurl "~1.3.1"
    send "0.15.3"

setprototypeof@1.1.0:
  version "1.1.0"
  resolved "https://registry.npmjs.org/setprototypeof/-/setprototypeof-1.1.0.tgz"
  integrity sha512-BvE/TwpZX4FXExxOxZyRGQQv651MSwmWKZGqvmPcRIjDqWub67kTKuIMx43cZZrS/cBBzwBcNDWoFxt2XEFIpQ==

signal-exit@^3.0.2:
  version "3.0.2"
  resolved "https://registry.npmjs.org/signal-exit/-/signal-exit-3.0.2.tgz"
  integrity sha512-meQNNykwecVxdu1RlYMKpQx4+wefIYpmxi6gexo/KAbwquJrBUrBmKYJrE8KFkVQAAVWEnwNdu21PgrD77J3xA==

"statuses@>= 1.4.0 < 2":
  version "1.5.0"
  resolved "https://registry.npmjs.org/statuses/-/statuses-1.5.0.tgz"
  integrity sha1-Fhx9rBd2Wf2YEfQ3cfqZOBR4Yow= sha512-OpZ3zP+jT1PI7I8nemJX4AKmAX070ZkYPVWV/AaKTJl+tXCTGyVdC1a4SL8RUQYEwk/f34ZX8UTykN68FwrqAA==

statuses@~1.3.1:
  version "1.3.1"
  resolved "https://registry.npmjs.org/statuses/-/statuses-1.3.1.tgz"
  integrity sha1-+vUbnrdKrvOzrPStX2Gr8ky3uT4= sha512-wuTCPGlJONk/a1kqZ4fQM2+908lC7fa7nPYpTC1EhnvqLX/IICbeP1OZGDtA374trpSq68YubKUMo8oRhN46yg==

string_decoder@~1.1.1:
  version "1.1.1"
  resolved "https://registry.npmjs.org/string_decoder/-/string_decoder-1.1.1.tgz"
  integrity sha512-n/ShnvDi6FHbbVfviro+WojiFzv+s8MPMHBczVePfUpDJLwoLT0ht1l4YwBCbi8pJAveEEdnkHyPyTP/mzRfwg==
  dependencies:
    safe-buffer "~5.1.0"

string-width@^2.1.1:
  version "2.1.1"
  resolved "https://registry.npmjs.org/string-width/-/string-width-2.1.1.tgz"
  integrity sha512-nOqH59deCq9SRHlxq1Aw85Jnt4w6KvLKqWVik6oA9ZklXLNIOlqg4F2yrT1MVaTjAqvVwdfeZ7w7aCvJD7ugkw==
  dependencies:
    is-fullwidth-code-point "^2.0.0"
    strip-ansi "^4.0.0"

strip-ansi@^4.0.0:
  version "4.0.0"
  resolved "https://registry.npmjs.org/strip-ansi/-/strip-ansi-4.0.0.tgz"
  integrity sha512-4XaJ2zQdCzROZDivEVIDPkcQn8LMFSa8kj8Gxb/Lnwzv9A8VctNZ+lfivC/sV3ivW8ElJTERXZoPBRrZKkNKow==
  dependencies:
    ansi-regex "^3.0.0"

supports-color@^5.3.0:
  version "5.5.0"
  resolved "https://registry.npmjs.org/supports-color/-/supports-color-5.5.0.tgz"
  integrity sha512-QjVjwdXIt408MIiAqCX4oUKsgU2EqAGzs2Ppkm4aQYbjm+ZEWEcW4SfFNTr4uMNZma0ey4f5lgLrkB0aX0QMow==
  dependencies:
    has-flag "^3.0.0"

table-layout@^0.4.1:
  version "0.4.2"
  resolved "https://registry.npmjs.org/table-layout/-/table-layout-0.4.2.tgz"
  integrity sha512-tygyl5+eSHj4chpq5Zfy6cpc7MOUBClAW9ozghFH7hg9bAUzShOYn+/vUzTRkKOSLJWKfgYtP2tAU2c0oAD8eg==
  dependencies:
    array-back "^2.0.0"
    deep-extend "~0.5.0"
    lodash.padend "^4.6.1"
    typical "^2.6.1"
    wordwrapjs "^3.0.0"

test-value@^2.1.0:
  version "2.1.0"
  resolved "https://registry.npmjs.org/test-value/-/test-value-2.1.0.tgz"
  integrity sha512-+1epbAxtKeXttkGFMTX9H42oqzOTufR1ceCF+GYA5aOmvaPq9wd4PUS8329fn2RRLGNeUkgRLnVpycjx8DsO2w==
  dependencies:
    array-back "^1.0.3"
    typical "^2.6.0"

typedarray@^0.0.6:
  version "0.0.6"
  resolved "https://registry.npmjs.org/typedarray/-/typedarray-0.0.6.tgz"
  integrity sha1-hnrHTjhkGHsdPUfZlqeOxciDB3c= sha512-/aCDEGatGvZ2BIk+HmLf4ifCJFwvKFNb9/JeZPMulfgFracn9QFcAf5GO8B/mweUjSoblS5In0cWhqpfs/5PQA==

typical@^2.6.0, typical@^2.6.1:
  version "2.6.1"
  resolved "https://registry.npmjs.org/typical/-/typical-2.6.1.tgz"
  integrity sha512-ofhi8kjIje6npGozTip9Fr8iecmYfEbS06i0JnIg+rh51KakryWF4+jX8lLKZVhy6N+ID45WYSFCxPOdTWCzNg==

universalify@^0.1.0:
  version "0.1.1"
  resolved "https://registry.npmjs.org/universalify/-/universalify-0.1.1.tgz"
  integrity sha512-MVi79HEPwGk0grI7/Kl6H51fX7wcDTe6gGoCdK22pkRG6IPsi9L6NltClWJfBLUoIE5y3pKy3SplFAs/b0G+QQ==

unpipe@~1.0.0:
  version "1.0.0"
  resolved "https://registry.npmjs.org/unpipe/-/unpipe-1.0.0.tgz"
  integrity sha1-sr9O6FFKrmFltIF4KdIbLvSZBOw= sha512-pjy2bYhSsufwWlKwPc+l3cN7+wuJlK6uz0YdJEOlQDbl6jo/YlPi4mb8agUkVC8BF7V8NuzeyPNqRksA3hztKQ==

util-deprecate@~1.0.1:
  version "1.0.2"
  resolved "https://registry.npmjs.org/util-deprecate/-/util-deprecate-1.0.2.tgz"
  integrity sha1-RQ1Nyfpw3nMnYvvS1KKJgUGaDM8= sha512-EPD5q1uXyFxJpCrLnCc1nHnq3gOa6DZBocAIiI2TaSCA7VCJ1UJDMagCzIkXNsUYfD1daK//LTEQ8xiIbrHtcw==

utils-merge@1.0.0:
  version "1.0.0"
  resolved "https://registry.npmjs.org/utils-merge/-/utils-merge-1.0.0.tgz"
  integrity sha1-ApT7kiu5N1FTVBxPcJYjHyh8ivg= sha512-HwU9SLQEtyo+0uoKXd1nkLqigUWLB+QuNQR4OcmB73eWqksM5ovuqcycks2x043W8XVb75rG1HQ0h93TMXkzQQ==

vary@~1.1.1:
  version "1.1.2"
  resolved "https://registry.npmjs.org/vary/-/vary-1.1.2.tgz"
  integrity sha1-IpnwLG3tMNSllhsLn3RSShj2NPw= sha512-BNGbWLfd0eUPabhkXUVm0j8uuvREyTh5ovRa/dyow/BqAbZJyC+5fU+IzQOzmAKzYqYRAISoRhdQr3eIZ/PXqg==

which@^1.2.9:
  version "1.3.0"
  resolved "https://registry.npmjs.org/which/-/which-1.3.0.tgz"
  integrity sha512-xcJpopdamTuY5duC/KnTTNBraPK54YwpenP4lzxU8H91GudWpFv38u0CKjclE1Wi2EH2EDz5LRcHcKbCIzqGyg==
  dependencies:
    isexe "^2.0.0"

wordwrapjs@^3.0.0:
  version "3.0.0"
  resolved "https://registry.npmjs.org/wordwrapjs/-/wordwrapjs-3.0.0.tgz"
  integrity sha512-mO8XtqyPvykVCsrwj5MlOVWvSnCdT+C+QVbm6blradR7JExAhbkZ7hZ9A+9NUtwzSqrlUo9a67ws0EiILrvRpw==
  dependencies:
    reduce-flatten "^1.0.1"
    typical "^2.6.1"

wrap-ansi@^3.0.1:
  version "3.0.1"
  resolved "https://registry.npmjs.org/wrap-ansi/-/wrap-ansi-3.0.1.tgz"
  integrity sha512-iXR3tDXpbnTpzjKSylUJRkLuOrEC7hwEB221cgn6wtF8wpmz28puFXAEfPT5zrjM3wahygB//VuWEr1vTkDcNQ==
  dependencies:
    string-width "^2.1.1"
    strip-ansi "^4.0.0"

wrappy@1:
  version "1.0.2"
  resolved "https://registry.npmjs.org/wrappy/-/wrappy-1.0.2.tgz"
  integrity sha1-tSQ9jz7BqjXxNkYFvA0QNuMKtp8= sha512-l4Sp/DRseor9wL6EvV2+TuQn63dMkPjZ/sp9XkghTEbV9KlPS1xUsZ3u7/IQO4wxtcFB4bgpQPRcR3QCvezPcQ==

ws@^6.1.0:
  version "6.2.3"
  resolved "https://registry.npmjs.org/ws/-/ws-6.2.3.tgz"
  integrity sha512-jmTjYU0j60B+vHey6TfR3Z7RD61z/hmxBS3VMSGIrroOWXQEneK1zNuotOUrGyBHQj0yrpsLHPWtigEFd13ndA==
  dependencies:
    async-limiter "~1.0.0"

yallist@^2.1.2:
  version "2.1.2"
  resolved "https://registry.npmjs.org/yallist/-/yallist-2.1.2.tgz"
  integrity sha512-ncTzHV7NvsQZkYe1DW7cbDLm0YpzHmZF5r/iyP3ZnQtMiJ+pjzisCiMNI+Sj+xQF5pXhSHxSB3uDbsBTzY/c2A==

yauzl@2.4.1:
  version "2.4.1"
  resolved "https://registry.npmjs.org/yauzl/-/yauzl-2.4.1.tgz"
  integrity sha1-lSj0QtqxsihOWLQ3m7GU4i4MQAU= sha512-TXNR2Feu/p/8k5YRy4z45wCUhoncIrZywmRd+xW0IvB3lWTAM7F6wVbeJvRjO0dplQ8oqmJEj/TpJuULBV/hbw==
  dependencies:
    fd-slicer "~1.0.1"
