# THIS IS AN AUTOGENERATED FILE. DO NOT EDIT THIS FILE DIRECTLY.
# yarn lockfile v1


acorn@^4.0.3:
  version "4.0.13"
  resolved "https://registry.npmjs.org/acorn/-/acorn-4.0.13.tgz"
  integrity sha512-fu2ygVGuMmlzG8ZeRJ0bvR41nsAkxxhbyk8bZ1SS521Z7vmgJFTQQlfz/Mp/nJexGBz+v8sC9bM6+lNgskt4Ug==

asn1.js@^5.2.0:
  version "5.4.1"
  resolved "https://registry.npmjs.org/asn1.js/-/asn1.js-5.4.1.tgz"
  integrity sha512-+I//4cYPccV8LdmBLiX8CYvf9Sp3vQsrqu2QNXRcrbiWvcx/UdlFiqUJJzxRQxgsZmvhXhn4cSKeSmoFjVdupA==
  dependencies:
    bn.js "^4.0.0"
    inherits "^2.0.1"
    minimalistic-assert "^1.0.0"
    safer-buffer "^2.1.0"

assert@^1.4.0:
  version "1.4.1"
  resolved "https://registry.npmjs.org/assert/-/assert-1.4.1.tgz"
  integrity sha512-N+aAxov+CKVS3JuhDIQFr24XvZvwE96Wlhk9dytTg/GmwWoghdOvR8dspx8MVz71O+Y0pA3UPqHF68D6iy8UvQ==
  dependencies:
    util "0.10.3"

astw@^2.0.0:
  version "2.2.0"
  resolved "https://registry.npmjs.org/astw/-/astw-2.2.0.tgz"
  integrity sha512-E/4z//dvN0lfr8zAx8hXeQ8o3nRoQaL/wqI7fAALEvh/40mnyUxfFB9MwyDHYKVDtS3cp3Pow5s96djZR5lkWw==
  dependencies:
    acorn "^4.0.3"

balanced-match@^1.0.0:
  version "1.0.0"
  resolved "https://registry.npmjs.org/balanced-match/-/balanced-match-1.0.0.tgz"
  integrity sha512-9Y0g0Q8rmSt+H33DfKv7FOc3v+iRI+o1lbzt8jGcIosYW37IIW/2XVYq5NPdmaD5NQ59Nk26Kl/vZbwW9Fr8vg==

base64-js@^1.0.2:
  version "1.2.1"
  resolved "https://registry.npmjs.org/base64-js/-/base64-js-1.2.1.tgz"
  integrity sha512-dwVUVIXsBZXwTuwnXI9RK8sBmgq09NDHzyR9SAph9eqk76gKK2JSQmZARC2zRC81JC2QTtxD0ARU5qTS25gIGw==

bn.js@^4.0.0:
  version "4.11.8"
  resolved "https://registry.npmjs.org/bn.js/-/bn.js-4.11.8.tgz"
  integrity sha512-ItfYfPLkWHUjckQCk8xC+LwxgK8NYcXywGigJgSwOP8Y2iyWT4f2vsZnoOXTTbo+o5yXmIUJ4gn5538SO5S3gA==

bn.js@^4.1.0:
  version "4.11.8"
  resolved "https://registry.npmjs.org/bn.js/-/bn.js-4.11.8.tgz"
  integrity sha512-ItfYfPLkWHUjckQCk8xC+LwxgK8NYcXywGigJgSwOP8Y2iyWT4f2vsZnoOXTTbo+o5yXmIUJ4gn5538SO5S3gA==

bn.js@^4.11.9:
  version "4.12.0"
  resolved "https://registry.npmjs.org/bn.js/-/bn.js-4.12.0.tgz"
  integrity sha512-c98Bf3tPniI+scsdk237ku1Dc3ujXQTSgyiPUDEOe7tRkhrqridvh8klBv0HCEso1OLOYcHuCv/cS6DNxKH+ZA==

bn.js@^5.0.0, bn.js@^5.2.1:
  version "5.2.1"
  resolved "https://registry.npmjs.org/bn.js/-/bn.js-5.2.1.tgz"
  integrity sha512-eXRvHzWyYPBuB4NBy0cmYQjGitUrtqwbvlzP3G6VFnNRbsZQIxQ10PbKKHt8gZ/HW/D/747aDl+QkDqg3KQLMQ==

brace-expansion@^1.1.7:
  version "1.1.8"
  resolved "https://registry.npmjs.org/brace-expansion/-/brace-expansion-1.1.8.tgz"
  integrity sha512-Dnfc9ROAPrkkeLIUweEbh7LFT9Mc53tO/bbM044rKjhgAEyIGKvKXg97PM/kRizZIfUHaROZIoeEaWao+Unzfw==
  dependencies:
    balanced-match "^1.0.0"
    concat-map "0.0.1"

brorand@^1.0.1, brorand@^1.1.0:
  version "1.1.0"
  resolved "https://registry.npmjs.org/brorand/-/brorand-1.1.0.tgz"
  integrity sha512-cKV8tMCEpQs4hK/ik71d6LrPOnpkpGBR0wzxqr68g2m/LB2GxVYQroAjMJZRVM1Y4BCjCKc3vAamxSzOY2RP+w==

browser-pack@^6.0.1:
  version "6.0.2"
  resolved "https://registry.npmjs.org/browser-pack/-/browser-pack-6.0.2.tgz"
  integrity sha512-Az7JJd2VlHv+bIyzXvTunXn4lfwnQepL54nVHBhd8MRzmpo2sDcreO5i/UsZLuydOign0zK+CoBYO8YLiUYWlQ==
  dependencies:
    combine-source-map "~0.7.1"
    defined "^1.0.0"
    JSONStream "^1.0.3"
    through2 "^2.0.0"
    umd "^3.0.0"

browser-resolve@^1.11.0, browser-resolve@^1.7.0:
  version "1.11.2"
  resolved "https://registry.npmjs.org/browser-resolve/-/browser-resolve-1.11.2.tgz"
  integrity sha512-IBmTH6PPKm10Mnf/ja+YKXZEyH7pyrxBUbbyr0ZEDBGhNOIWVHo41gTWWU4DhYPKt6JIx2YwTsyrULjTsx7/+A==
  dependencies:
    resolve "1.1.7"

browserify-aes@^1.0.0, browserify-aes@^1.0.4:
  version "1.1.0"
  resolved "https://registry.npmjs.org/browserify-aes/-/browserify-aes-1.1.0.tgz"
  integrity sha512-W2bIMLYoZ9oow7TyePpMJk9l9LY7O3R61a/68bVCDOtnJynnwe3ZeW2IzzSkrQnPKNdJrxVDn3ALZNisSBwb7g==
  dependencies:
    buffer-xor "^1.0.3"
    cipher-base "^1.0.0"
    create-hash "^1.1.0"
    evp_bytestokey "^1.0.3"
    inherits "^2.0.1"
    safe-buffer "^5.0.1"

browserify-cipher@^1.0.0:
  version "1.0.0"
  resolved "https://registry.npmjs.org/browserify-cipher/-/browserify-cipher-1.0.0.tgz"
  integrity sha512-eR/Xnl6GNhMILoylgYn0CXdb5rbDRp3awDF0KXd/S96E+l49E9EWjSmbJPPM03Gj0nX6Ihydv/3wmtml5hnGrw==
  dependencies:
    browserify-aes "^1.0.4"
    browserify-des "^1.0.0"
    evp_bytestokey "^1.0.0"

browserify-des@^1.0.0:
  version "1.0.0"
  resolved "https://registry.npmjs.org/browserify-des/-/browserify-des-1.0.0.tgz"
  integrity sha512-8ryPIDvl6sFWCs8M8XOLjysP3BmwTUldIuX5yWHu76zazZpMguxHYFJI+kQ99a0lpuPF5jt+qzkFuMtjgo2xBg==
  dependencies:
    cipher-base "^1.0.1"
    des.js "^1.0.0"
    inherits "^2.0.1"

"browserify-prod-fixture@file:":
  resolved "file:"
  dependencies:
    browserify "^13.3.0"
    browserify-prod-fixture "file:"

browserify-rsa@^4.0.0, browserify-rsa@^4.1.0:
  version "4.1.0"
  resolved "https://registry.npmjs.org/browserify-rsa/-/browserify-rsa-4.1.0.tgz"
  integrity sha512-AdEER0Hkspgno2aR97SAf6vi0y0k8NuOpGnVH3O99rcA5Q6sh8QxcngtHuJ6uXwnfAXNM4Gn1Gb7/MV1+Ymbog==
  dependencies:
    bn.js "^5.0.0"
    randombytes "^2.0.1"

browserify-sign@^4.0.0:
  version "4.2.2"
  resolved "https://registry.npmjs.org/browserify-sign/-/browserify-sign-4.2.2.tgz"
  integrity sha512-1rudGyeYY42Dk6texmv7c4VcQ0EsvVbLwZkA+AQB7SxvXxmcD93jcHie8bzecJ+ChDlmAm2Qyu0+Ccg5uhZXCg==
  dependencies:
    bn.js "^5.2.1"
    browserify-rsa "^4.1.0"
    create-hash "^1.2.0"
    create-hmac "^1.1.7"
    elliptic "^6.5.4"
    inherits "^2.0.4"
    parse-asn1 "^5.1.6"
    readable-stream "^3.6.2"
    safe-buffer "^5.2.1"

browserify-zlib@~0.1.2:
  version "0.1.4"
  resolved "https://registry.npmjs.org/browserify-zlib/-/browserify-zlib-0.1.4.tgz"
  integrity sha512-19OEpq7vWgsH6WkvkBJQDFvJS1uPcbFOQ4v9CU839dO+ZZXUZO6XpE6hNCqvlIIj+4fZvRiJ6DsAQ382GwiyTQ==
  dependencies:
    pako "~0.2.0"

browserify@^13.3.0:
  version "13.3.0"
  resolved "https://registry.npmjs.org/browserify/-/browserify-13.3.0.tgz"
  integrity sha512-RC51w//pULmKo3XmyC5Ax0FgQ3OZQk6he1SHbgsH63hSpa1RR0cGFU4s1AJY4exLesSZjJI00PynhjwWryi2bg==
  dependencies:
    assert "^1.4.0"
    browser-pack "^6.0.1"
    browser-resolve "^1.11.0"
    browserify-zlib "~0.1.2"
    buffer "^4.1.0"
    cached-path-relative "^1.0.0"
    concat-stream "~1.5.1"
    console-browserify "^1.1.0"
    constants-browserify "~1.0.0"
    crypto-browserify "^3.0.0"
    defined "^1.0.0"
    deps-sort "^2.0.0"
    domain-browser "~1.1.0"
    duplexer2 "~0.1.2"
    events "~1.1.0"
    glob "^7.1.0"
    has "^1.0.0"
    htmlescape "^1.1.0"
    https-browserify "~0.0.0"
    inherits "~2.0.1"
    insert-module-globals "^7.0.0"
    JSONStream "^1.0.3"
    labeled-stream-splicer "^2.0.0"
    module-deps "^4.0.8"
    os-browserify "~0.1.1"
    parents "^1.0.1"
    path-browserify "~0.0.0"
    process "~0.11.0"
    punycode "^1.3.2"
    querystring-es3 "~0.2.0"
    read-only-stream "^2.0.0"
    readable-stream "^2.0.2"
    resolve "^1.1.4"
    shasum "^1.0.0"
    shell-quote "^1.6.1"
    stream-browserify "^2.0.0"
    stream-http "^2.0.0"
    string_decoder "~0.10.0"
    subarg "^1.0.0"
    syntax-error "^1.1.1"
    through2 "^2.0.0"
    timers-browserify "^1.0.1"
    tty-browserify "~0.0.0"
    url "~0.11.0"
    util "~0.10.1"
    vm-browserify "~0.0.1"
    xtend "^4.0.0"

buffer-xor@^1.0.3:
  version "1.0.3"
  resolved "https://registry.npmjs.org/buffer-xor/-/buffer-xor-1.0.3.tgz"
  integrity sha512-571s0T7nZWK6vB67HI5dyUF7wXiNcfaPPPTl6zYCNApANjIvYJTg7hlud/+cJpdAhS7dVzqMLmfhfHR3rAcOjQ==

buffer@^4.1.0:
  version "4.9.1"
  resolved "https://registry.npmjs.org/buffer/-/buffer-4.9.1.tgz"
  integrity sha512-DNK4ruAqtyHaN8Zne7PkBTO+dD1Lr0YfTduMqlIyjvQIoztBkUxrvL+hKeLW8NXFKHOq/2upkxuoS9znQ9bW9A==
  dependencies:
    base64-js "^1.0.2"
    ieee754 "^1.1.4"
    isarray "^1.0.0"

builtin-status-codes@^3.0.0:
  version "3.0.0"
  resolved "https://registry.npmjs.org/builtin-status-codes/-/builtin-status-codes-3.0.0.tgz"
  integrity sha512-HpGFw18DgFWlncDfjTa2rcQ4W88O1mC8e8yZ2AvQY5KDaktSTwo+KRf6nHK6FRI5FyRyb/5T6+TSxfP7QyGsmQ==

cached-path-relative@^1.0.0:
  version "1.0.1"
  resolved "https://registry.npmjs.org/cached-path-relative/-/cached-path-relative-1.0.1.tgz"
  integrity sha512-cI79dgUmNqTnvvcEofBa2MikCUUPi91mot41JzWBXe0jyR4+fSQfuzkSmuGrRl3rtFRVAJTBvw39vyHkMHHbVg==

cipher-base@^1.0.0, cipher-base@^1.0.1, cipher-base@^1.0.3:
  version "1.0.4"
  resolved "https://registry.npmjs.org/cipher-base/-/cipher-base-1.0.4.tgz"
  integrity sha512-Kkht5ye6ZGmwv40uUDZztayT2ThLQGfnj/T71N/XzeZeo3nf8foyW7zGTsPYkEya3m5f3cAypH+qe7YOrM1U2Q==
  dependencies:
    inherits "^2.0.1"
    safe-buffer "^5.0.1"

combine-source-map@~0.7.1:
  version "0.7.2"
  resolved "https://registry.npmjs.org/combine-source-map/-/combine-source-map-0.7.2.tgz"
  integrity sha512-MwoXgyZ+d44+GhTg4Vi0V9QcMSrH378vuBwR9riv7sv1r7mslA05tV1dT3+8KHLeoHe4mtM1r2K9xkbhJ451bA==
  dependencies:
    convert-source-map "~1.1.0"
    inline-source-map "~0.6.0"
    lodash.memoize "~3.0.3"
    source-map "~0.5.3"

concat-map@0.0.1:
  version "0.0.1"
  resolved "https://registry.npmjs.org/concat-map/-/concat-map-0.0.1.tgz"
  integrity sha512-/Srv4dswyQNBfohGpz9o6Yb3Gz3SrUDqBH5rTuhGR7ahtlbYKnVxw2bCFMRljaA7EXHaXZ8wsHdodFvbkhKmqg==

concat-stream@~1.5.0, concat-stream@~1.5.1:
  version "1.5.2"
  resolved "https://registry.npmjs.org/concat-stream/-/concat-stream-1.5.2.tgz"
  integrity sha512-H6xsIBfQ94aESBG8jGHXQ7i5AEpy5ZeVaLDOisDICiTCKpqEfr34/KmTrspKQNoLKNu9gTkovlpQcUi630AKiQ==
  dependencies:
    inherits "~2.0.1"
    readable-stream "~2.0.0"
    typedarray "~0.0.5"

console-browserify@^1.1.0:
  version "1.1.0"
  resolved "https://registry.npmjs.org/console-browserify/-/console-browserify-1.1.0.tgz"
  integrity sha512-duS7VP5pvfsNLDvL1O4VOEbw37AI3A4ZUQYemvDlnpGrNu9tprR7BYWpDYwC0Xia0Zxz5ZupdiIrUp0GH1aXfg==
  dependencies:
    date-now "^0.1.4"

constants-browserify@~1.0.0:
  version "1.0.0"
  resolved "https://registry.npmjs.org/constants-browserify/-/constants-browserify-1.0.0.tgz"
  integrity sha512-xFxOwqIzR/e1k1gLiWEophSCMqXcwVHIH7akf7b/vxcUeGunlj3hvZaaqxwHsTgn+IndtkQJgSztIDWeumWJDQ==

convert-source-map@~1.1.0:
  version "1.1.3"
  resolved "https://registry.npmjs.org/convert-source-map/-/convert-source-map-1.1.3.tgz"
  integrity sha512-Y8L5rp6jo+g9VEPgvqNfEopjTR4OTYct8lXlS8iVQdmnjDvbdbzYe9rjtFCB9egC86JoNCU61WRY+ScjkZpnIg==

core-util-is@~1.0.0:
  version "1.0.2"
  resolved "https://registry.npmjs.org/core-util-is/-/core-util-is-1.0.2.tgz"
  integrity sha512-3lqz5YjWTYnW6dlDa5TLaTCcShfar1e40rmcJVwCBJC6mWlFuj0eCHIElmG1g5kyuJ/GD+8Wn4FFCcz4gJPfaQ==

create-ecdh@^4.0.0:
  version "4.0.0"
  resolved "https://registry.npmjs.org/create-ecdh/-/create-ecdh-4.0.0.tgz"
  integrity sha512-7rYnhx2rzljQb/UszJC+KvDO8muh2kJm0meQ+VxlDoEHQ3vnZcaHRLCdIReCasEt3s5gJUy4FkkOw2L7HomsQQ==
  dependencies:
    bn.js "^4.1.0"
    elliptic "^6.0.0"

create-hash@^1.1.0, create-hash@^1.1.2, create-hash@^1.2.0:
  version "1.2.0"
  resolved "https://registry.npmjs.org/create-hash/-/create-hash-1.2.0.tgz"
  integrity sha512-z00bCGNHDG8mHAkP7CtT1qVu+bFQUPjYq/4Iv3C3kWjTFV10zIjfSoeqXo9Asws8gwSHDGj/hl2u4OGIjapeCg==
  dependencies:
    cipher-base "^1.0.1"
    inherits "^2.0.1"
    md5.js "^1.3.4"
    ripemd160 "^2.0.1"
    sha.js "^2.4.0"

create-hmac@^1.1.0, create-hmac@^1.1.4, create-hmac@^1.1.7:
  version "1.1.7"
  resolved "https://registry.npmjs.org/create-hmac/-/create-hmac-1.1.7.tgz"
  integrity sha512-MJG9liiZ+ogc4TzUwuvbER1JRdgvUFSB5+VR/g5h82fGaIRWMWddtKBHi7/sVhfjQZ6SehlyhvQYrcYkaUIpLg==
  dependencies:
    cipher-base "^1.0.3"
    create-hash "^1.1.0"
    inherits "^2.0.1"
    ripemd160 "^2.0.0"
    safe-buffer "^5.0.1"
    sha.js "^2.4.8"

crypto-browserify@^3.0.0:
  version "3.11.1"
  resolved "https://registry.npmjs.org/crypto-browserify/-/crypto-browserify-3.11.1.tgz"
  integrity sha512-Na7ZlwCOqoaW5RwUK1WpXws2kv8mNhWdTlzob0UXulk6G9BDbyiJaGTYBIX61Ozn9l1EPPJpICZb4DaOpT9NlQ==
  dependencies:
    browserify-cipher "^1.0.0"
    browserify-sign "^4.0.0"
    create-ecdh "^4.0.0"
    create-hash "^1.1.0"
    create-hmac "^1.1.0"
    diffie-hellman "^5.0.0"
    inherits "^2.0.1"
    pbkdf2 "^3.0.3"
    public-encrypt "^4.0.0"
    randombytes "^2.0.0"

date-now@^0.1.4:
  version "0.1.4"
  resolved "https://registry.npmjs.org/date-now/-/date-now-0.1.4.tgz"
  integrity sha512-AsElvov3LoNB7tf5k37H2jYSB+ZZPMT5sG2QjJCcdlV5chIv6htBUBUui2IKRjgtKAKtCBN7Zbwa+MtwLjSeNw==

defined@^1.0.0:
  version "1.0.0"
  resolved "https://registry.npmjs.org/defined/-/defined-1.0.0.tgz"
  integrity sha512-Y2caI5+ZwS5c3RiNDJ6u53VhQHv+hHKwhkI1iHvceKUHw9Df6EK2zRLfjejRgMuCuxK7PfSWIMwWecceVvThjQ==

deps-sort@^2.0.0:
  version "2.0.0"
  resolved "https://registry.npmjs.org/deps-sort/-/deps-sort-2.0.0.tgz"
  integrity sha512-SdbEF/hgr/EyZ2PfW1DzRT5jKUC7ilCmIMxH3WIqPAm9EGvpcudeS/eW7FbM3M7mYMsdopvkQhM5rVGAIW4wlg==
  dependencies:
    JSONStream "^1.0.3"
    shasum "^1.0.0"
    subarg "^1.0.0"
    through2 "^2.0.0"

des.js@^1.0.0:
  version "1.0.0"
  resolved "https://registry.npmjs.org/des.js/-/des.js-1.0.0.tgz"
  integrity sha512-QlJHGiTiOmW4z3EO0qKwjM2Mb+EmOlBHbpC6QgTiXB913NxMKttEuV2SJ+eLA12sMKDg1N8HnncfAtYaNnU+cg==
  dependencies:
    inherits "^2.0.1"
    minimalistic-assert "^1.0.0"

detective@^4.0.0:
  version "4.5.0"
  resolved "https://registry.npmjs.org/detective/-/detective-4.5.0.tgz"
  integrity sha512-+asa9kUmHJNNUj5rsWwYSwQY3IU4bwdzJvy9VsHWa4O+kxgRPCn3tWrVF/KookvhQ+D4TZuMBkEkFLhMhEErXg==
  dependencies:
    acorn "^4.0.3"
    defined "^1.0.0"

diffie-hellman@^5.0.0:
  version "5.0.2"
  resolved "https://registry.npmjs.org/diffie-hellman/-/diffie-hellman-5.0.2.tgz"
  integrity sha512-6bFNThpXO1MSkYrHm2SPXvfJQ3h4gChXxj5RToODJGCs7Df79q+KNJAiB71Nut2n50ZLc35NTOPVc7jYPPWwtg==
  dependencies:
    bn.js "^4.1.0"
    miller-rabin "^4.0.0"
    randombytes "^2.0.0"

domain-browser@~1.1.0:
  version "1.1.7"
  resolved "https://registry.npmjs.org/domain-browser/-/domain-browser-1.1.7.tgz"
  integrity sha512-fJ5MoHxe69h3E4/lJtFRhcWwLb04bhIBSfvCEMS1YDH+/9yEZTqBHTSTgch8nCP5tE5k2gdQEjodUqJzy7qJ9Q==

duplexer2@^0.1.2, duplexer2@~0.1.0, duplexer2@~0.1.2:
  version "0.1.4"
  resolved "https://registry.npmjs.org/duplexer2/-/duplexer2-0.1.4.tgz"
  integrity sha512-asLFVfWWtJ90ZyOUHMqk7/S2w2guQKxUI2itj3d92ADHhxUSbCMGi1f1cBcJ7xM1To+pE/Khbwo1yuNbMEPKeA==
  dependencies:
    readable-stream "^2.0.2"

elliptic@^6.0.0, elliptic@^6.5.4:
  version "6.5.4"
  resolved "https://registry.npmjs.org/elliptic/-/elliptic-6.5.4.tgz"
  integrity sha512-iLhC6ULemrljPZb+QutR5TQGB+pdW6KGD5RSegS+8sorOZT+rdQFbsQFJgvN3eRqNALqJer4oQ16YvJHlU8hzQ==
  dependencies:
    bn.js "^4.11.9"
    brorand "^1.1.0"
    hash.js "^1.0.0"
    hmac-drbg "^1.0.1"
    inherits "^2.0.4"
    minimalistic-assert "^1.0.1"
    minimalistic-crypto-utils "^1.0.1"

envify@^4.0.0:
  version "4.1.0"
  resolved "https://registry.npmjs.org/envify/-/envify-4.1.0.tgz"
  integrity sha512-IKRVVoAYr4pIx4yIWNsz9mOsboxlNXiu7TNBnem/K/uTHdkyzXWDzHCK7UTolqBbgaBz0tQHsD3YNls0uIIjiw==
  dependencies:
    esprima "^4.0.0"
    through "~2.3.4"

esprima@^4.0.0:
  version "4.0.0"
  resolved "https://registry.npmjs.org/esprima/-/esprima-4.0.0.tgz"
  integrity sha512-oftTcaMu/EGrEIu904mWteKIv8vMuOgGYo7EhVJJN00R/EED9DCua/xxHRdYnKtcECzVg7xOWhflvJMnqcFZjw==

events@~1.1.0:
  version "1.1.1"
  resolved "https://registry.npmjs.org/events/-/events-1.1.1.tgz"
  integrity sha512-kEcvvCBByWXGnZy6JUlgAp2gBIUjfCAV6P6TgT1/aaQKcmuAEC4OZTV1I4EWQLz2gxZw76atuVyvHhTxvi0Flw==

evp_bytestokey@^1.0.0, evp_bytestokey@^1.0.3:
  version "1.0.3"
  resolved "https://registry.npmjs.org/evp_bytestokey/-/evp_bytestokey-1.0.3.tgz"
  integrity sha512-/f2Go4TognH/KvCISP7OUsHn85hT9nUkxxA9BEWxFn+Oj9o8ZNLm/40hdlgSLyuOimsrTKLUMEorQexp/aPQeA==
  dependencies:
    md5.js "^1.3.4"
    safe-buffer "^5.1.1"

fs.realpath@^1.0.0:
  version "1.0.0"
  resolved "https://registry.npmjs.org/fs.realpath/-/fs.realpath-1.0.0.tgz"
  integrity sha512-OO0pH2lK6a0hZnAdau5ItzHPI6pUlvI7jMVnxUQRtw4owF2wk8lOSabtGDCTP4Ggrg2MbGnWO9X8K1t4+fGMDw==

function-bind@^1.0.2:
  version "1.1.1"
  resolved "https://registry.npmjs.org/function-bind/-/function-bind-1.1.1.tgz"
  integrity sha512-yIovAzMX49sF8Yl58fSCWJ5svSLuaibPxXQJFLmBObTuCr0Mf1KiPopGM9NiFjiYBCbfaa2Fh6breQ6ANVTI0A==

glob@^7.1.0:
  version "7.1.2"
  resolved "https://registry.npmjs.org/glob/-/glob-7.1.2.tgz"
  integrity sha512-MJTUg1kjuLeQCJ+ccE4Vpa6kKVXkPYJ2mOCQyUuKLcLQsdrMCpBPUi8qVE6+YuaJkozeA9NusTAw3hLr8Xe5EQ==
  dependencies:
    fs.realpath "^1.0.0"
    inflight "^1.0.4"
    inherits "2"
    minimatch "^3.0.4"
    once "^1.3.0"
    path-is-absolute "^1.0.0"

has@^1.0.0:
  version "1.0.1"
  resolved "https://registry.npmjs.org/has/-/has-1.0.1.tgz"
  integrity sha512-8wpov6mGFPJ/SYWGQIFo6t0yuNWoO9MkSq3flX8LhiGmbIUhDETp9knPMcIm0Xig1ybWsw6gq2w0gCz1JHD+Qw==
  dependencies:
    function-bind "^1.0.2"

hash-base@^2.0.0:
  version "2.0.2"
  resolved "https://registry.npmjs.org/hash-base/-/hash-base-2.0.2.tgz"
  integrity sha512-0TROgQ1/SxE6KmxWSvXHvRj90/Xo1JvZShofnYF+f6ZsGtR4eES7WfrQzPalmyagfKZCXpVnitiRebZulWsbiw==
  dependencies:
    inherits "^2.0.1"

hash-base@^3.0.0:
  version "3.0.4"
  resolved "https://registry.npmjs.org/hash-base/-/hash-base-3.0.4.tgz"
  integrity sha512-EeeoJKjTyt868liAlVmcv2ZsUfGHlE3Q+BICOXcZiwN3osr5Q/zFGYmTJpoIzuaSTAwndFy+GqhEwlU4L3j4Ow==
  dependencies:
    inherits "^2.0.1"
    safe-buffer "^5.0.1"

hash.js@^1.0.0, hash.js@^1.0.3:
  version "1.1.3"
  resolved "https://registry.npmjs.org/hash.js/-/hash.js-1.1.3.tgz"
  integrity sha512-/UETyP0W22QILqS+6HowevwhEFJ3MBJnwTf75Qob9Wz9t0DPuisL8kW8YZMK62dHAKE1c1p+gY1TtOLY+USEHA==
  dependencies:
    inherits "^2.0.3"
    minimalistic-assert "^1.0.0"

hmac-drbg@^1.0.1:
  version "1.0.1"
  resolved "https://registry.npmjs.org/hmac-drbg/-/hmac-drbg-1.0.1.tgz"
  integrity sha512-Tti3gMqLdZfhOQY1Mzf/AanLiqh1WTiJgEj26ZuYQ9fbkLomzGchCws4FyrSd4VkpBfiNhaE1On+lOz894jvXg==
  dependencies:
    hash.js "^1.0.3"
    minimalistic-assert "^1.0.0"
    minimalistic-crypto-utils "^1.0.1"

htmlescape@^1.1.0:
  version "1.1.1"
  resolved "https://registry.npmjs.org/htmlescape/-/htmlescape-1.1.1.tgz"
  integrity sha512-eVcrzgbR4tim7c7soKQKtxa/kQM4TzjnlU83rcZ9bHU6t31ehfV7SktN6McWgwPWg+JYMA/O3qpGxBvFq1z2Jg==

https-browserify@~0.0.0:
  version "0.0.1"
  resolved "https://registry.npmjs.org/https-browserify/-/https-browserify-0.0.1.tgz"
  integrity sha512-EjDQFbgJr1vDD/175UJeSX3ncQ3+RUnCL5NkthQGHvF4VNHlzTy8ifJfTqz47qiPRqaFH58+CbuG3x51WuB1XQ==

ieee754@^1.1.4:
  version "1.1.8"
  resolved "https://registry.npmjs.org/ieee754/-/ieee754-1.1.8.tgz"
  integrity sha512-/aoyv2Nt7mGLnCAWzE0C1WH9Xd8ZsqR0f4Pjwxputi1JNm01+InyAYQotF4N+ulEIjbEsJo22NOHr+U/XEZ1Pw==

indexof@0.0.1:
  version "0.0.1"
  resolved "https://registry.npmjs.org/indexof/-/indexof-0.0.1.tgz"
  integrity sha512-i0G7hLJ1z0DE8dsqJa2rycj9dBmNKgXBvotXtZYXakU9oivfB9Uj2ZBC27qqef2U58/ZLwalxa1X/RDCdkHtVg==

inflight@^1.0.4:
  version "1.0.6"
  resolved "https://registry.npmjs.org/inflight/-/inflight-1.0.6.tgz"
  integrity sha512-k92I/b08q4wvFscXCLvqfsHCrjrF7yiXsQuIVvVE7N82W3+aqpzuUdBbfhWcy/FZR3/4IgflMgKLOsvPDrGCJA==
  dependencies:
    once "^1.3.0"
    wrappy "1"

inherits@^2.0.1, inherits@^2.0.3, inherits@~2.0.1, inherits@~2.0.3, inherits@2:
  version "2.0.3"
  resolved "https://registry.npmjs.org/inherits/-/inherits-2.0.3.tgz"
  integrity sha512-x00IRNXNy63jwGkJmzPigoySHbaqpNuzKbBOmzK+g2OdZpQ9w+sxCN+VSB3ja7IAge2OP2qpfxTjeNcyjmW1uw==

inherits@^2.0.4:
  version "2.0.4"
  resolved "https://registry.npmjs.org/inherits/-/inherits-2.0.4.tgz"
  integrity sha512-k/vGaX4/Yla3WzyMCvTQOXYeIHvqOKtnqBduzTHpzpQZzAskKMhZ2K+EnBiSM9zGSoIFeMpXKxa4dYeZIQqewQ==

inherits@2.0.1:
  version "2.0.1"
  resolved "https://registry.npmjs.org/inherits/-/inherits-2.0.1.tgz"
  integrity sha512-8nWq2nLTAwd02jTqJExUYFSD/fKq6VH9Y/oG2accc/kdI0V98Bag8d5a4gi3XHz73rDWa2PvTtvcWYquKqSENA==

inline-source-map@~0.6.0:
  version "0.6.2"
  resolved "https://registry.npmjs.org/inline-source-map/-/inline-source-map-0.6.2.tgz"
  integrity sha512-0mVWSSbNDvedDWIN4wxLsdPM4a7cIPcpyMxj3QZ406QRwQ6ePGB1YIHxVPjqpcUGbWQ5C+nHTwGNWAGvt7ggVA==
  dependencies:
    source-map "~0.5.3"

insert-module-globals@^7.0.0:
  version "7.0.1"
  resolved "https://registry.npmjs.org/insert-module-globals/-/insert-module-globals-7.0.1.tgz"
  integrity sha512-tjMZcZBS2NtqlX87Y6mlEIUSdftJ2VxlVXSQkrJNBUUB7xgnRIgdVO7nM9DpNl58U1Nejm+ahTjMEQiUpjvA+w==
  dependencies:
    combine-source-map "~0.7.1"
    concat-stream "~1.5.1"
    is-buffer "^1.1.0"
    JSONStream "^1.0.3"
    lexical-scope "^1.2.0"
    process "~0.11.0"
    through2 "^2.0.0"
    xtend "^4.0.0"

is-buffer@^1.1.0:
  version "1.1.5"
  resolved "https://registry.npmjs.org/is-buffer/-/is-buffer-1.1.5.tgz"
  integrity sha512-miqftL8E53hH0dtQqLdN+3JwClyJiITcif3gy+RiUlnLJUhEwdyRC29/gpYbuC9IhazGSnP8TjbvxWw2AZylWQ==

isarray@^1.0.0, isarray@~1.0.0:
  version "1.0.0"
  resolved "https://registry.npmjs.org/isarray/-/isarray-1.0.0.tgz"
  integrity sha512-VLghIWNM6ELQzo7zwmcg0NmTVyWKYjvIeM83yjp0wRDTmUnrM678fQbcKBo6n2CJEF0szoG//ytg+TKla89ALQ==

isarray@~0.0.1:
  version "0.0.1"
  resolved "https://registry.npmjs.org/isarray/-/isarray-0.0.1.tgz"
  integrity sha512-D2S+3GLxWH+uhrNEcoh/fnmYeP8E8/zHl644d/jdA0g2uyXvy3sb0qxotE+ne0LtccHknQzWwZEzhak7oJ0COQ==

json-stable-stringify@~0.0.0:
  version "0.0.1"
  resolved "https://registry.npmjs.org/json-stable-stringify/-/json-stable-stringify-0.0.1.tgz"
  integrity sha512-nKtD/Qxm7tWdZqJoldEC7fF0S41v0mWbeaXG3637stOWfyGxTgWTYE2wtfKmjzpvxv2MA2xzxsXOIiwUpkX6Qw==
  dependencies:
    jsonify "~0.0.0"

jsonify@~0.0.0:
  version "0.0.0"
  resolved "https://registry.npmjs.org/jsonify/-/jsonify-0.0.0.tgz"
  integrity sha512-trvBk1ki43VZptdBI5rIlG4YOzyeH/WefQt5rj1grasPn4iiZWKet8nkgc4GlsAylaztn0qZfUYOiTsASJFdNA==

jsonparse@^1.2.0:
  version "1.3.1"
  resolved "https://registry.npmjs.org/jsonparse/-/jsonparse-1.3.1.tgz"
  integrity sha512-POQXvpdL69+CluYsillJ7SUhKvytYjW9vG/GKpnf+xP8UWgYEM/RaMzHHofbALDiKbbP1W8UEYmgGl39WkPZsg==

JSONStream@^1.0.3:
  version "1.3.1"
  resolved "https://registry.npmjs.org/JSONStream/-/JSONStream-1.3.1.tgz"
  integrity sha512-o0qQEt9uZcW8jlsFUlXzwaIlDSPJoFNQvdQ8tog+okSREeZa3WqGJrxjKigDgdycePHQ8W33/jb0FbYHyAc61A==
  dependencies:
    jsonparse "^1.2.0"
    through ">=2.2.7 <3"

labeled-stream-splicer@^2.0.0:
  version "2.0.0"
  resolved "https://registry.npmjs.org/labeled-stream-splicer/-/labeled-stream-splicer-2.0.0.tgz"
  integrity sha512-/6dSMZcWGSgSny5DzaW9L3mOIqhz6B/CCjmuszf8tfy/puNSNCJfCDAZGXZTrOdyNnIWNB1PR+bfrxHDPQwhLw==
  dependencies:
    inherits "^2.0.1"
    isarray "~0.0.1"
    stream-splicer "^2.0.0"

lexical-scope@^1.2.0:
  version "1.2.0"
  resolved "https://registry.npmjs.org/lexical-scope/-/lexical-scope-1.2.0.tgz"
  integrity sha512-ntJ8IcBCuKwudML7vAuT/L0aIMU0+9vO25K4CjLPYgzf1NZ0bAhJJBZrvkO+oUGgKcbdkH8UZdRsaEg+wULLRw==
  dependencies:
    astw "^2.0.0"

lodash.memoize@~3.0.3:
  version "3.0.4"
  resolved "https://registry.npmjs.org/lodash.memoize/-/lodash.memoize-3.0.4.tgz"
  integrity sha512-eDn9kqrAmVUC1wmZvlQ6Uhde44n+tXpqPrN8olQJbttgh0oKclk+SF54P47VEGE9CEiMeRwAP8BaM7UHvBkz2A==

md5.js@^1.3.4:
  version "1.3.4"
  resolved "https://registry.npmjs.org/md5.js/-/md5.js-1.3.4.tgz"
  integrity sha512-cBB1zpoIg3GaI1IJyoc715xmWofOcXbMhVHAR/TLYk+RO+Y6xQfAp+UshPZTojAcju91Jyk5fw4CiLBuBVaQjw==
  dependencies:
    hash-base "^3.0.0"
    inherits "^2.0.1"

miller-rabin@^4.0.0:
  version "4.0.1"
  resolved "https://registry.npmjs.org/miller-rabin/-/miller-rabin-4.0.1.tgz"
  integrity sha512-115fLhvZVqWwHPbClyntxEVfVDfl9DLLTuJvq3g2O/Oxi8AiNouAHvDSzHS0viUJc+V5vm3eq91Xwqn9dp4jRA==
  dependencies:
    bn.js "^4.0.0"
    brorand "^1.0.1"

minimalistic-assert@^1.0.0, minimalistic-assert@^1.0.1:
  version "1.0.1"
  resolved "https://registry.npmjs.org/minimalistic-assert/-/minimalistic-assert-1.0.1.tgz"
  integrity sha512-UtJcAD4yEaGtjPezWuO9wC4nwUnVH/8/Im3yEHQP4b67cXlD/Qr9hdITCU1xDbSEXg2XKNaP8jsReV7vQd00/A==

minimalistic-crypto-utils@^1.0.1:
  version "1.0.1"
  resolved "https://registry.npmjs.org/minimalistic-crypto-utils/-/minimalistic-crypto-utils-1.0.1.tgz"
  integrity sha512-JIYlbt6g8i5jKfJ3xz7rF0LXmv2TkDxBLUkiBeZ7bAx4GnnNMr8xFpGnOxn6GhTEHx3SjRrZEoU+j04prX1ktg==

minimatch@^3.0.4:
  version "3.0.4"
  resolved "https://registry.npmjs.org/minimatch/-/minimatch-3.0.4.tgz"
  integrity sha512-yJHVQEhyqPLUTgt9B83PXu6W3rx4MvvHvSUvToogpwoGDOUQ+yDrR0HRot+yOCdCO7u4hX3pWft6kWBBcqh0UA==
  dependencies:
    brace-expansion "^1.1.7"

minimist@^1.1.0:
  version "1.2.0"
  resolved "https://registry.npmjs.org/minimist/-/minimist-1.2.0.tgz"
  integrity sha512-7Wl+Jz+IGWuSdgsQEJ4JunV0si/iMhg42MnQQG6h1R6TNeVenp4U9x5CC5v/gYqz/fENLQITAWXidNtVL0NNbw==

module-deps@^4.0.8:
  version "4.1.1"
  resolved "https://registry.npmjs.org/module-deps/-/module-deps-4.1.1.tgz"
  integrity sha512-ze1e77tkYtlJI90RmlJJvTOGe91OAbtNQj34tg26GWlvdDc0dzmlxujTnh85S8feiTB3eBkKAOCD/v5p9v6wHg==
  dependencies:
    browser-resolve "^1.7.0"
    cached-path-relative "^1.0.0"
    concat-stream "~1.5.0"
    defined "^1.0.0"
    detective "^4.0.0"
    duplexer2 "^0.1.2"
    inherits "^2.0.1"
    JSONStream "^1.0.3"
    parents "^1.0.0"
    readable-stream "^2.0.2"
    resolve "^1.1.3"
    stream-combiner2 "^1.1.1"
    subarg "^1.0.0"
    through2 "^2.0.0"
    xtend "^4.0.0"

once@^1.3.0:
  version "1.4.0"
  resolved "https://registry.npmjs.org/once/-/once-1.4.0.tgz"
  integrity sha512-lNaJgI+2Q5URQBkccEKHTQOPaXdUxnZZElQTZY0MFUAuaEqe1E+Nyvgdz/aIyNi6Z9MzO5dv1H8n58/GELp3+w==
  dependencies:
    wrappy "1"

os-browserify@~0.1.1:
  version "0.1.2"
  resolved "https://registry.npmjs.org/os-browserify/-/os-browserify-0.1.2.tgz"
  integrity sha512-aZicJZccvxWOZ0Bja2eAch2L8RIJWBuRYmM8Gwl/JjNtRltH0Itcz4eH/ESyuIWfse8cc93ZCf0XrzhXK2HEDA==

pako@~0.2.0:
  version "0.2.9"
  resolved "https://registry.npmjs.org/pako/-/pako-0.2.9.tgz"
  integrity sha512-NUcwaKxUxWrZLpDG+z/xZaCgQITkA/Dv4V/T6bw7VON6l1Xz/VnrBqrYjZQ12TamKHzITTfOEIYUj48y2KXImA==

parents@^1.0.0, parents@^1.0.1:
  version "1.0.1"
  resolved "https://registry.npmjs.org/parents/-/parents-1.0.1.tgz"
  integrity sha512-mXKF3xkoUt5td2DoxpLmtOmZvko9VfFpwRwkKDHSNvgmpLAeBo18YDhcPbBzJq+QLCHMbGOfzia2cX4U+0v9Mg==
  dependencies:
    path-platform "~0.11.15"

parse-asn1@^5.0.0, parse-asn1@^5.1.6:
  version "5.1.6"
  resolved "https://registry.npmjs.org/parse-asn1/-/parse-asn1-5.1.6.tgz"
  integrity sha512-RnZRo1EPU6JBnra2vGHj0yhp6ebyjBZpmUCLHWiFhxlzvBCCpAuZ7elsBp1PVAbQN0/04VD/19rfzlBSwLstMw==
  dependencies:
    asn1.js "^5.2.0"
    browserify-aes "^1.0.0"
    evp_bytestokey "^1.0.0"
    pbkdf2 "^3.0.3"
    safe-buffer "^5.1.1"

path-browserify@~0.0.0:
  version "0.0.0"
  resolved "https://registry.npmjs.org/path-browserify/-/path-browserify-0.0.0.tgz"
  integrity sha512-WA3pxi1olUQcsl82W576vkqhUSGp0uBtr/381pxx5WXLp3NC+AB99hUG3aGW7H0Kg9PFr1D8wv1iJeICe+9Mhw==

path-is-absolute@^1.0.0:
  version "1.0.1"
  resolved "https://registry.npmjs.org/path-is-absolute/-/path-is-absolute-1.0.1.tgz"
  integrity sha512-AVbw3UJ2e9bq64vSaS9Am0fje1Pa8pbGqTTsmXfaIiMpnr5DlDhfJOuLj9Sf95ZPVDAUerDfEk88MPmPe7UCQg==

path-parse@^1.0.5:
  version "1.0.5"
  resolved "https://registry.npmjs.org/path-parse/-/path-parse-1.0.5.tgz"
  integrity sha512-u4e4H/UUeMbJ1UnBnePf6r4cm4fFZs57BMocUSFeea807JTYk2HJnE9GjUpWHaDZk1OQGoArnWW1yEo9nd57ww==

path-platform@~0.11.15:
  version "0.11.15"
  resolved "https://registry.npmjs.org/path-platform/-/path-platform-0.11.15.tgz"
  integrity sha512-Y30dB6rab1A/nfEKsZxmr01nUotHX0c/ZiIAsCTatEe1CmS5Pm5He7fZ195bPT7RdquoaL8lLxFCMQi/bS7IJg==

pbkdf2@^3.0.3:
  version "3.0.14"
  resolved "https://registry.npmjs.org/pbkdf2/-/pbkdf2-3.0.14.tgz"
  integrity sha512-gjsZW9O34fm0R7PaLHRJmLLVfSoesxztjPjE9o6R+qtVJij90ltg1joIovN9GKrRW3t1PzhDDG3UMEMFfZ+1wA==
  dependencies:
    create-hash "^1.1.2"
    create-hmac "^1.1.4"
    ripemd160 "^2.0.1"
    safe-buffer "^5.0.1"
    sha.js "^2.4.8"

process-nextick-args@~1.0.6:
  version "1.0.7"
  resolved "https://registry.npmjs.org/process-nextick-args/-/process-nextick-args-1.0.7.tgz"
  integrity sha512-yN0WQmuCX63LP/TMvAg31nvT6m4vDqJEiiv2CAZqWOGNWutc9DfDk1NPYYmKUFmaVM2UwDowH4u5AHWYP/jxKw==

process@~0.11.0:
  version "0.11.10"
  resolved "https://registry.npmjs.org/process/-/process-0.11.10.tgz"
  integrity sha512-cdGef/drWFoydD1JsMzuFf8100nZl+GT+yacc2bEced5f9Rjk4z+WtFUTBu9PhOi9j/jfmBPu0mMEY4wIdAF8A==

public-encrypt@^4.0.0:
  version "4.0.0"
  resolved "https://registry.npmjs.org/public-encrypt/-/public-encrypt-4.0.0.tgz"
  integrity sha512-jypsKydIz+OGpL8/PLPlYtlOP8Sqx54lQa+46srROOvUj02byeX+7RoZH49emN9OZSFiKohPLDMTzWK4JNR5Zg==
  dependencies:
    bn.js "^4.1.0"
    browserify-rsa "^4.0.0"
    create-hash "^1.1.0"
    parse-asn1 "^5.0.0"
    randombytes "^2.0.1"

punycode@^1.3.2:
  version "1.4.1"
  resolved "https://registry.npmjs.org/punycode/-/punycode-1.4.1.tgz"
  integrity sha512-jmYNElW7yvO7TV33CjSmvSiE2yco3bV2czu/OzDKdMNVZQWfxCblURLhf+47syQRBntjfLdd/H0egrzIG+oaFQ==

punycode@1.3.2:
  version "1.3.2"
  resolved "https://registry.npmjs.org/punycode/-/punycode-1.3.2.tgz"
  integrity sha512-RofWgt/7fL5wP1Y7fxE7/EmTLzQVnB0ycyibJ0OOHIlJqTNzglYFxVwETOcIoJqJmpDXJ9xImDv+Fq34F/d4Dw==

querystring-es3@~0.2.0:
  version "0.2.1"
  resolved "https://registry.npmjs.org/querystring-es3/-/querystring-es3-0.2.1.tgz"
  integrity sha512-773xhDQnZBMFobEiztv8LIl70ch5MSF/jUQVlhwFyBILqq96anmoctVIYz+ZRp0qbCKATTn6ev02M3r7Ga5vqA==

querystring@0.2.0:
  version "0.2.0"
  resolved "https://registry.npmjs.org/querystring/-/querystring-0.2.0.tgz"
  integrity sha512-X/xY82scca2tau62i9mDyU9K+I+djTMUsvwf7xnUX5GLvVzgJybOJf4Y6o9Zx3oJK/LSXg5tTZBjwzqVPaPO2g==

randombytes@^2.0.0, randombytes@^2.0.1:
  version "2.0.5"
  resolved "https://registry.npmjs.org/randombytes/-/randombytes-2.0.5.tgz"
  integrity sha512-8T7Zn1AhMsQ/HI1SjcCfT/t4ii3eAqco3yOcSzS4mozsOz69lHLsoMXmF9nZgnFanYscnSlUSgs8uZyKzpE6kg==
  dependencies:
    safe-buffer "^5.1.0"

read-only-stream@^2.0.0:
  version "2.0.0"
  resolved "https://registry.npmjs.org/read-only-stream/-/read-only-stream-2.0.0.tgz"
  integrity sha512-3ALe0bjBVZtkdWKIcThYpQCLbBMd/+Tbh2CDSrAIDO3UsZ4Xs+tnyjv2MjCOMMgBG+AsUOeuP1cgtY1INISc8w==
  dependencies:
    readable-stream "^2.0.2"

readable-stream@^2.0.2, readable-stream@^2.1.5, readable-stream@^2.2.6:
  version "2.3.3"
  resolved "https://registry.npmjs.org/readable-stream/-/readable-stream-2.3.3.tgz"
  integrity sha512-m+qzzcn7KUxEmd1gMbchF+Y2eIUbieUaxkWtptyHywrX0rE8QEYqPC07Vuy4Wm32/xE16NcdBctb8S0Xe/5IeQ==
  dependencies:
    core-util-is "~1.0.0"
    inherits "~2.0.3"
    isarray "~1.0.0"
    process-nextick-args "~1.0.6"
    safe-buffer "~5.1.1"
    string_decoder "~1.0.3"
    util-deprecate "~1.0.1"

readable-stream@^3.6.2:
  version "3.6.2"
  resolved "https://registry.npmjs.org/readable-stream/-/readable-stream-3.6.2.tgz"
  integrity sha512-9u/sniCrY3D5WdsERHzHE4G2YCXqoG5FTHUiCC4SIbr6XcLZBY05ya9EKjYek9O5xOAwjGq+1JdGBAS7Q9ScoA==
  dependencies:
    inherits "^2.0.3"
    string_decoder "^1.1.1"
    util-deprecate "^1.0.1"

readable-stream@~2.0.0:
  version "2.0.6"
  resolved "https://registry.npmjs.org/readable-stream/-/readable-stream-2.0.6.tgz"
  integrity sha512-TXcFfb63BQe1+ySzsHZI/5v1aJPCShfqvWJ64ayNImXMsN1Cd0YGk/wm8KB7/OeessgPc9QvS9Zou8QTkFzsLw==
  dependencies:
    core-util-is "~1.0.0"
    inherits "~2.0.1"
    isarray "~1.0.0"
    process-nextick-args "~1.0.6"
    string_decoder "~0.10.x"
    util-deprecate "~1.0.1"

resolve@^1.1.3, resolve@^1.1.4:
  version "1.4.0"
  resolved "https://registry.npmjs.org/resolve/-/resolve-1.4.0.tgz"
  integrity sha512-aW7sVKPufyHqOmyyLzg/J+8606v5nevBgaliIlV7nUpVMsDnoBGV/cbSLNjZAg9q0Cfd/+easKVKQ8vOu8fn1Q==
  dependencies:
    path-parse "^1.0.5"

resolve@1.1.7:
  version "1.1.7"
  resolved "https://registry.npmjs.org/resolve/-/resolve-1.1.7.tgz"
  integrity sha512-9znBF0vBcaSN3W2j7wKvdERPwqTxSpCq+if5C0WoTCyV9n24rua28jeuQ2pL/HOf+yUe/Mef+H/5p60K0Id3bg==

ripemd160@^2.0.0, ripemd160@^2.0.1:
  version "2.0.1"
  resolved "https://registry.npmjs.org/ripemd160/-/ripemd160-2.0.1.tgz"
  integrity sha512-J7f4wutN8mdbV08MJnXibYpCOPHR+yzy+iQ/AsjMv2j8cLavQ8VGagDFUwwTAdF8FmRKVeNpbTTEwNHCW1g94w==
  dependencies:
    hash-base "^2.0.0"
    inherits "^2.0.1"

safe-buffer@^5.0.1, safe-buffer@^5.1.0, safe-buffer@^5.1.1, safe-buffer@~5.1.0, safe-buffer@~5.1.1:
  version "5.1.1"
  resolved "https://registry.npmjs.org/safe-buffer/-/safe-buffer-5.1.1.tgz"
  integrity sha512-kKvNJn6Mm93gAczWVJg7wH+wGYWNrDHdWvpUmHyEsgCtIwwo3bqPtV4tR5tuPaUhTOo/kvhVwd8XwwOllGYkbg==

safe-buffer@^5.2.1, safe-buffer@~5.2.0:
  version "5.2.1"
  resolved "https://registry.npmjs.org/safe-buffer/-/safe-buffer-5.2.1.tgz"
  integrity sha512-rp3So07KcdmmKbGvgaNxQSJr7bGVSVk5S9Eq1F+ppbRo70+YeaDxkw5Dd8NPN+GD6bjnYm2VuPuCXmpuYvmCXQ==

safer-buffer@^2.1.0:
  version "2.1.2"
  resolved "https://registry.npmjs.org/safer-buffer/-/safer-buffer-2.1.2.tgz"
  integrity sha512-YZo3K82SD7Riyi0E1EQPojLz7kpepnSQI9IyPbHHg1XXXevb5dJI7tpyN2ADxGcQbHG7vcyRHk0cbwqcQriUtg==

sha.js@^2.4.0, sha.js@^2.4.8, sha.js@~2.4.4:
  version "2.4.9"
  resolved "https://registry.npmjs.org/sha.js/-/sha.js-2.4.9.tgz"
  integrity sha512-G8zektVqbiPHrylgew9Zg1VRB1L/DtXNUVAM6q4QLy8NE3qtHlFXTf8VLL4k1Yl6c7NMjtZUTdXV+X44nFaT6A==
  dependencies:
    inherits "^2.0.1"
    safe-buffer "^5.0.1"

shasum@^1.0.0:
  version "1.0.2"
  resolved "https://registry.npmjs.org/shasum/-/shasum-1.0.2.tgz"
  integrity sha512-UTzHm/+AzKfO9RgPgRpDIuMSNie1ubXRaljjlhFMNGYoG7z+rm9AHLPMf70R7887xboDH9Q+5YQbWKObFHEAtw==
  dependencies:
    json-stable-stringify "~0.0.0"
    sha.js "~2.4.4"

shell-quote@^1.6.1:
  version "1.7.3"
  resolved "https://registry.npmjs.org/shell-quote/-/shell-quote-1.7.3.tgz"
  integrity sha512-Vpfqwm4EnqGdlsBFNmHhxhElJYrdfcxPThu+ryKS5J8L/fhAwLazFZtq+S+TWZ9ANj2piSQLGj6NQg+lKPmxrw==

source-map@~0.5.3:
  version "0.5.7"
  resolved "https://registry.npmjs.org/source-map/-/source-map-0.5.7.tgz"
  integrity sha512-LbrmJOMUSdEVxIKvdcJzQC+nQhe8FUZQTXQy6+I75skNgn3OoQ0DZA8YnFa7gp8tqtL3KPf1kmo0R5DoApeSGQ==

stream-browserify@^2.0.0:
  version "2.0.1"
  resolved "https://registry.npmjs.org/stream-browserify/-/stream-browserify-2.0.1.tgz"
  integrity sha512-nmQnY9D9TlnfQIkYJCCWxvCcQODilFRZIw14gCMYQVXOiY4E1Ze1VMxB+6y3qdXHpTordULo2qWloHmNcNAQYw==
  dependencies:
    inherits "~2.0.1"
    readable-stream "^2.0.2"

stream-combiner2@^1.1.1:
  version "1.1.1"
  resolved "https://registry.npmjs.org/stream-combiner2/-/stream-combiner2-1.1.1.tgz"
  integrity sha512-3PnJbYgS56AeWgtKF5jtJRT6uFJe56Z0Hc5Ngg/6sI6rIt8iiMBTa9cvdyFfpMQjaVHr8dusbNeFGIIonxOvKw==
  dependencies:
    duplexer2 "~0.1.0"
    readable-stream "^2.0.2"

stream-http@^2.0.0:
  version "2.7.2"
  resolved "https://registry.npmjs.org/stream-http/-/stream-http-2.7.2.tgz"
  integrity sha512-c0yTD2rbQzXtSsFSVhtpvY/vS6u066PcXOX9kBB3mSO76RiUQzL340uJkGBWnlBg4/HZzqiUXtaVA7wcRcJgEw==
  dependencies:
    builtin-status-codes "^3.0.0"
    inherits "^2.0.1"
    readable-stream "^2.2.6"
    to-arraybuffer "^1.0.0"
    xtend "^4.0.0"

stream-splicer@^2.0.0:
  version "2.0.0"
  resolved "https://registry.npmjs.org/stream-splicer/-/stream-splicer-2.0.0.tgz"
  integrity sha512-lrpyV50Z1AGT5PC4KMKaZX0+4H9V/Dh/6q8NpGqHbNeuraq8etHPRYlUvca2yRemGVkUBBcdIuyhqKDdgkKzkQ==
  dependencies:
    inherits "^2.0.1"
    readable-stream "^2.0.2"

string_decoder@^1.1.1:
  version "1.3.0"
  resolved "https://registry.npmjs.org/string_decoder/-/string_decoder-1.3.0.tgz"
  integrity sha512-hkRX8U1WjJFd8LsDJ2yQ/wWWxaopEsABU1XfkM8A+j0+85JAGppt16cr1Whg6KIbb4okU6Mql6BOj+uup/wKeA==
  dependencies:
    safe-buffer "~5.2.0"

string_decoder@~0.10.0, string_decoder@~0.10.x:
  version "0.10.31"
  resolved "https://registry.npmjs.org/string_decoder/-/string_decoder-0.10.31.tgz"
  integrity sha512-ev2QzSzWPYmy9GuqfIVildA4OdcGLeFZQrq5ys6RtiuF+RQQiZWr8TZNyAcuVXyQRYfEO+MsoB/1BuQVhOJuoQ==

string_decoder@~1.0.3:
  version "1.0.3"
  resolved "https://registry.npmjs.org/string_decoder/-/string_decoder-1.0.3.tgz"
  integrity sha512-4AH6Z5fzNNBcH+6XDMfA/BTt87skxqJlO0lAh3Dker5zThcAxG6mKz+iGu308UKoPPQ8Dcqx/4JhujzltRa+hQ==
  dependencies:
    safe-buffer "~5.1.0"

subarg@^1.0.0:
  version "1.0.0"
  resolved "https://registry.npmjs.org/subarg/-/subarg-1.0.0.tgz"
  integrity sha512-RIrIdRY0X1xojthNcVtgT9sjpOGagEUKpZdgBUi054OEPFo282yg+zE+t1Rj3+RqKq2xStL7uUHhY+AjbC4BXg==
  dependencies:
    minimist "^1.1.0"

syntax-error@^1.1.1:
  version "1.3.0"
  resolved "https://registry.npmjs.org/syntax-error/-/syntax-error-1.3.0.tgz"
  integrity sha512-ElA9CHH3D1sJYhCcyUNAAFoCeM+GFwOyOh+NV1TesqjMsvJMAEebxjaXHf2tMgJcGrA/zJtpCXddHt/ozLEpHA==
  dependencies:
    acorn "^4.0.3"

"through@>=2.2.7 <3", through@~2.3.4:
  version "2.3.8"
  resolved "https://registry.npmjs.org/through/-/through-2.3.8.tgz"
  integrity sha512-w89qg7PI8wAdvX60bMDP+bFoD5Dvhm9oLheFp5O4a2QF0cSBGsBX4qZmadPMvVqlLJBBci+WqGGOAPvcDeNSVg==

through2@^2.0.0:
  version "2.0.3"
  resolved "https://registry.npmjs.org/through2/-/through2-2.0.3.tgz"
  integrity sha512-tmNYYHFqXmaKSSlOU4ZbQ82cxmFQa5LRWKFtWCNkGIiZ3/VHmOffCeWfBRZZRyXAhNP9itVMR+cuvomBOPlm8g==
  dependencies:
    readable-stream "^2.1.5"
    xtend "~4.0.1"

timers-browserify@^1.0.1:
  version "1.4.2"
  resolved "https://registry.npmjs.org/timers-browserify/-/timers-browserify-1.4.2.tgz"
  integrity sha512-PIxwAupJZiYU4JmVZYwXp9FKsHMXb5h0ZEFyuXTAn8WLHOlcij+FEcbrvDsom1o5dr1YggEtFbECvGCW2sT53Q==
  dependencies:
    process "~0.11.0"

to-arraybuffer@^1.0.0:
  version "1.0.1"
  resolved "https://registry.npmjs.org/to-arraybuffer/-/to-arraybuffer-1.0.1.tgz"
  integrity sha512-okFlQcoGTi4LQBG/PgSYblw9VOyptsz2KJZqc6qtgGdes8VktzUQkj4BI2blit072iS8VODNcMA+tvnS9dnuMA==

tty-browserify@~0.0.0:
  version "0.0.0"
  resolved "https://registry.npmjs.org/tty-browserify/-/tty-browserify-0.0.0.tgz"
  integrity sha512-JVa5ijo+j/sOoHGjw0sxw734b1LhBkQ3bvUGNdxnVXDCX81Yx7TFgnZygxrIIWn23hbfTaMYLwRmAxFyDuFmIw==

typedarray@~0.0.5:
  version "0.0.6"
  resolved "https://registry.npmjs.org/typedarray/-/typedarray-0.0.6.tgz"
  integrity sha512-/aCDEGatGvZ2BIk+HmLf4ifCJFwvKFNb9/JeZPMulfgFracn9QFcAf5GO8B/mweUjSoblS5In0cWhqpfs/5PQA==

umd@^3.0.0:
  version "3.0.1"
  resolved "https://registry.npmjs.org/umd/-/umd-3.0.1.tgz"
  integrity sha512-3npD+zDXGkXrLuoWfeeawVCNcRUnjcqLHWGifik86s+Md/YEoUqBt4yHsDNtwNLR6GY4hEw9eA/O13rD6/0skQ==

url@~0.11.0:
  version "0.11.0"
  resolved "https://registry.npmjs.org/url/-/url-0.11.0.tgz"
  integrity sha512-kbailJa29QrtXnxgq+DdCEGlbTeYM2eJUxsz6vjZavrCYPMIFHMKQmSKYAIuUK2i7hgPm28a8piX5NTUtM/LKQ==
  dependencies:
    punycode "1.3.2"
    querystring "0.2.0"

util-deprecate@^1.0.1, util-deprecate@~1.0.1:
  version "1.0.2"
  resolved "https://registry.npmjs.org/util-deprecate/-/util-deprecate-1.0.2.tgz"
  integrity sha512-EPD5q1uXyFxJpCrLnCc1nHnq3gOa6DZBocAIiI2TaSCA7VCJ1UJDMagCzIkXNsUYfD1daK//LTEQ8xiIbrHtcw==

util@~0.10.1, util@0.10.3:
  version "0.10.3"
  resolved "https://registry.npmjs.org/util/-/util-0.10.3.tgz"
  integrity sha512-5KiHfsmkqacuKjkRkdV7SsfDJ2EGiPsK92s2MhNSY0craxjTdKTtqKsJaCWp4LW33ZZ0OPUv1WO/TFvNQRiQxQ==
  dependencies:
    inherits "2.0.1"

vm-browserify@~0.0.1:
  version "0.0.4"
  resolved "https://registry.npmjs.org/vm-browserify/-/vm-browserify-0.0.4.tgz"
  integrity sha512-NyZNR3WDah+NPkjh/YmhuWSsT4a0mF0BJYgUmvrJ70zxjTXh5Y2Asobxlh0Nfs0PCFB5FVpRJft7NozAWFMwLQ==
  dependencies:
    indexof "0.0.1"

wrappy@1:
  version "1.0.2"
  resolved "https://registry.npmjs.org/wrappy/-/wrappy-1.0.2.tgz"
  integrity sha512-l4Sp/DRseor9wL6EvV2+TuQn63dMkPjZ/sp9XkghTEbV9KlPS1xUsZ3u7/IQO4wxtcFB4bgpQPRcR3QCvezPcQ==

xtend@^4.0.0, xtend@~4.0.1:
  version "4.0.1"
  resolved "https://registry.npmjs.org/xtend/-/xtend-4.0.1.tgz"
  integrity sha512-iTwvhNBRetXWe81+VcIw5YeadVSWyze7uA7nVnpP13ulrpnJ3UfQm5ApGnrkmxDJFdrblRdZs0EvaTCIfei5oQ==
