{
  "name": "scheduler",
  "version": "0.26.0",
  "lockfileVersion": 3,
  "requires": true,
  "packages": {
    "": {
      "name": "scheduler",
      "version": "0.26.0",
      "license": "MIT",
      "dependencies": {
        "scheduler": "file:"
      }
    },
    "node_modules/scheduler": {
      "resolved": "",
      "link": true
    }
  }
}
