{
  "name": "react-test-renderer",
  "version": "19.1.0",
  "lockfileVersion": 3,
  "requires": true,
  "packages": {
    "": {
      "name": "react-test-renderer",
      "version": "19.1.0",
      "license": "MIT",
      "dependencies": {
        "react-is": "^19.1.0",
        "react-test-renderer": "file:",
        "scheduler": "^0.26.0"
      },
      "peerDependencies": {
        "react": "^19.1.0"
      }
    },
    "node_modules/react": {
      "version": "19.1.0",
      "resolved": "https://registry.npmjs.org/react/-/react-19.1.0.tgz",
      "integrity": "sha512-FS+XFBNvn3GTAWq26joslQgWNoFu08F4kl0J4CgdNKADkdSGXQyTCnKteIAJy96Br6YbpEU1LSzV5dYtjMkMDg==",
      "license": "MIT",
      "peer": true,
      "engines": {
        "node": ">=0.10.0"
      }
    },
    "node_modules/react-is": {
      "version": "19.1.0",
      "resolved": "https://registry.npmjs.org/react-is/-/react-is-19.1.0.tgz",
      "integrity": "sha512-Oe56aUPnkHyyDxxkvqtd7KkdQP5uIUfHxd5XTb3wE9d/kRnZLmKbDB0GWk919tdQ+mxxPtG6EAs6RMT6i1qtHg==",
      "license": "MIT"
    },
    "node_modules/react-test-renderer": {
      "resolved": "",
      "link": true
    },
    "node_modules/scheduler": {
      "version": "0.26.0",
      "resolved": "https://registry.npmjs.org/scheduler/-/scheduler-0.26.0.tgz",
      "integrity": "sha512-NlHwttCI/l5gCPR3D1nNXtWABUmBwvZpEQiD4IXSbIDq8BzLIK/7Ir5gTFSGZDUu37K5cMNp0hFtzO38sC7gWA==",
      "license": "MIT"
    }
  }
}
