{
  "name": "internal-test-utils",
  "version": "0.0.0",
  "lockfileVersion": 3,
  "requires": true,
  "packages": {
    "": {
      "name": "internal-test-utils",
      "version": "0.0.0",
      "dependencies": {
        "internal-test-utils": "file:"
      }
    },
    "node_modules/internal-test-utils": {
      "resolved": "",
      "link": true
    }
  }
}
