{
  "name": "dom-event-testing-library",
  "version": "0.0.0",
  "lockfileVersion": 3,
  "requires": true,
  "packages": {
    "": {
      "name": "dom-event-testing-library",
      "version": "0.0.0",
      "dependencies": {
        "dom-event-testing-library": "file:"
      }
    },
    "node_modules/dom-event-testing-library": {
      "resolved": "",
      "link": true
    }
  }
}
