{
  "name": "react",
  "version": "19.1.0",
  "lockfileVersion": 3,
  "requires": true,
  "packages": {
    "": {
      "name": "react",
      "version": "19.1.0",
      "license": "MIT",
      "dependencies": {
        "react": "file:"
      },
      "engines": {
        "node": ">=0.10.0"
      }
    },
    "node_modules/react": {
      "resolved": "",
      "link": true
    }
  }
}
