{
  "name": "eslint-plugin-react-internal",
  "version": "0.0.0",
  "lockfileVersion": 3,
  "requires": true,
  "packages": {
    "": {
      "name": "eslint-plugin-react-internal",
      "version": "0.0.0",
      "dependencies": {
        "eslint-plugin-react-internal": "file:"
      }
    },
    "node_modules/eslint-plugin-react-internal": {
      "resolved": "",
      "link": true
    }
  }
}
